// !$*UTF8*$!
{
	archiveVersion = 1;
	classes = {
	};
	objectVersion = 46;
	objects = {

/* Begin PBXBuildFile section */
		FCD30F3D16F64B4A00473BB8 /* Foundation.framework in Frameworks */ = {isa = PBXBuildFile; fileRef = FCD30F3C16F64B4A00473BB8 /* Foundation.framework */; };
		FCD30F4C16F64B4B00473BB8 /* SenTestingKit.framework in Frameworks */ = {isa = PBXBuildFile; fileRef = FCD30F4B16F64B4B00473BB8 /* SenTestingKit.framework */; };
		FCD30F4E16F64B4B00473BB8 /* UIKit.framework in Frameworks */ = {isa = PBXBuildFile; fileRef = FCD30F4D16F64B4B00473BB8 /* UIKit.framework */; };
		FCD30F4F16F64B4B00473BB8 /* Foundation.framework in Frameworks */ = {isa = PBXBuildFile; fileRef = FCD30F3C16F64B4A00473BB8 /* Foundation.framework */; };
		FCD30F5216F64B4B00473BB8 /* libReactiveFormlets.a in Frameworks */ = {isa = PBXBuildFile; fileRef = FCD30F3916F64B4A00473BB8 /* libReactiveFormlets.a */; };
		FCD30F5816F64B4B00473BB8 /* InfoPlist.strings in Resources */ = {isa = PBXBuildFile; fileRef = FCD30F5616F64B4B00473BB8 /* InfoPlist.strings */; };
		FCD30F5B16F64B4B00473BB8 /* ReactiveFormletsTests.m in Sources */ = {isa = PBXBuildFile; fileRef = FCD30F5A16F64B4B00473BB8 /* ReactiveFormletsTests.m */; };
		FCD30F7216F64C4E00473BB8 /* libReactiveCocoa-iOS.a in Frameworks */ = {isa = PBXBuildFile; fileRef = FCD30F6F16F64C1500473BB8 /* libReactiveCocoa-iOS.a */; };
		FCD30F7C16F64D0300473BB8 /* UIKit.framework in Frameworks */ = {isa = PBXBuildFile; fileRef = FCD30F7B16F64D0300473BB8 /* UIKit.framework */; };
		FCD30F9B16F64D9D00473BB8 /* RAFFormlet.m in Sources */ = {isa = PBXBuildFile; fileRef = FCD30F8016F64D9D00473BB8 /* RAFFormlet.m */; };
		FCD30F9C16F64D9D00473BB8 /* RAFLens.m in Sources */ = {isa = PBXBuildFile; fileRef = FCD30F8216F64D9D00473BB8 /* RAFLens.m */; };
		FCD30F9D16F64D9D00473BB8 /* RAFModel.m in Sources */ = {isa = PBXBuildFile; fileRef = FCD30F8416F64D9D00473BB8 /* RAFModel.m */; };
		FCD30F9E16F64D9D00473BB8 /* RAFOrderedDictionary.m in Sources */ = {isa = PBXBuildFile; fileRef = FCD30F8616F64D9D00473BB8 /* RAFOrderedDictionary.m */; };
		FCD30F9F16F64D9D00473BB8 /* RAFReifiedProtocol.m in Sources */ = {isa = PBXBuildFile; fileRef = FCD30F8816F64D9D00473BB8 /* RAFReifiedProtocol.m */; };
		FCD30FA016F64D9D00473BB8 /* RAFSignalSource.m in Sources */ = {isa = PBXBuildFile; fileRef = FCD30F8A16F64D9D00473BB8 /* RAFSignalSource.m */; };
		FCD30FA116F64D9D00473BB8 /* RAFObjCRuntime.m in Sources */ = {isa = PBXBuildFile; fileRef = FCD30F8C16F64D9D00473BB8 /* RAFObjCRuntime.m */; };
		FCD30FA216F64D9D00473BB8 /* NSInvocation+RAFExtensions.m in Sources */ = {isa = PBXBuildFile; fileRef = FCD30F8E16F64D9D00473BB8 /* NSInvocation+RAFExtensions.m */; };
		FCD30FA316F64D9D00473BB8 /* RAFIdentityValueTransformer.m in Sources */ = {isa = PBXBuildFile; fileRef = FCD30F9016F64D9D00473BB8 /* RAFIdentityValueTransformer.m */; };
		FCD30FA416F64D9D00473BB8 /* RAFNumberStringValueTransformer.m in Sources */ = {isa = PBXBuildFile; fileRef = FCD30F9216F64D9D00473BB8 /* RAFNumberStringValueTransformer.m */; };
		FCD30FA516F64D9D00473BB8 /* RAFTableForm.m in Sources */ = {isa = PBXBuildFile; fileRef = FCD30F9416F64D9D00473BB8 /* RAFTableForm.m */; };
		FCD30FA616F64D9D00473BB8 /* RAFTableSection.m in Sources */ = {isa = PBXBuildFile; fileRef = FCD30F9616F64D9D00473BB8 /* RAFTableSection.m */; };
		FCD30FA716F64D9D00473BB8 /* RAFInputRow.m in Sources */ = {isa = PBXBuildFile; fileRef = FCD30F9816F64D9D00473BB8 /* RAFInputRow.m */; };
		FCD30FA816F64D9D00473BB8 /* RAFValidator.m in Sources */ = {isa = PBXBuildFile; fileRef = FCD30F9A16F64D9D00473BB8 /* RAFValidator.m */; };
		FCD30FAE16F64E2700473BB8 /* EXTScope.m in Sources */ = {isa = PBXBuildFile; fileRef = FCD30FAD16F64E2700473BB8 /* EXTScope.m */; };
		FCD30FB116F64E3000473BB8 /* EXTConcreteProtocol.m in Sources */ = {isa = PBXBuildFile; fileRef = FCD30FB016F64E3000473BB8 /* EXTConcreteProtocol.m */; };
		FCD30FB316F6505200473BB8 /* ReactiveFormlets.h in Headers */ = {isa = PBXBuildFile; fileRef = FCD30F4116F64B4A00473BB8 /* ReactiveFormlets.h */; settings = {ATTRIBUTES = (Public, ); }; };
		FCD30FB416F6505200473BB8 /* RAFFormlet.h in Headers */ = {isa = PBXBuildFile; fileRef = FCD30F7F16F64D9D00473BB8 /* RAFFormlet.h */; settings = {ATTRIBUTES = (Public, ); }; };
		FCD30FB516F6505200473BB8 /* RAFLens.h in Headers */ = {isa = PBXBuildFile; fileRef = FCD30F8116F64D9D00473BB8 /* RAFLens.h */; settings = {ATTRIBUTES = (Public, ); }; };
		FCD30FB616F6505200473BB8 /* RAFModel.h in Headers */ = {isa = PBXBuildFile; fileRef = FCD30F8316F64D9D00473BB8 /* RAFModel.h */; settings = {ATTRIBUTES = (Public, ); }; };
		FCD30FB716F6505200473BB8 /* RAFOrderedDictionary.h in Headers */ = {isa = PBXBuildFile; fileRef = FCD30F8516F64D9D00473BB8 /* RAFOrderedDictionary.h */; settings = {ATTRIBUTES = (Public, ); }; };
		FCD30FB816F6505200473BB8 /* RAFReifiedProtocol.h in Headers */ = {isa = PBXBuildFile; fileRef = FCD30F8716F64D9D00473BB8 /* RAFReifiedProtocol.h */; settings = {ATTRIBUTES = (Public, ); }; };
		FCD30FB916F6505200473BB8 /* RAFSignalSource.h in Headers */ = {isa = PBXBuildFile; fileRef = FCD30F8916F64D9D00473BB8 /* RAFSignalSource.h */; settings = {ATTRIBUTES = (Public, ); }; };
		FCD30FBA16F6505200473BB8 /* RAFObjCRuntime.h in Headers */ = {isa = PBXBuildFile; fileRef = FCD30F8B16F64D9D00473BB8 /* RAFObjCRuntime.h */; settings = {ATTRIBUTES = (Public, ); }; };
		FCD30FBB16F6505200473BB8 /* NSInvocation+RAFExtensions.h in Headers */ = {isa = PBXBuildFile; fileRef = FCD30F8D16F64D9D00473BB8 /* NSInvocation+RAFExtensions.h */; settings = {ATTRIBUTES = (Public, ); }; };
		FCD30FBC16F6505200473BB8 /* RAFIdentityValueTransformer.h in Headers */ = {isa = PBXBuildFile; fileRef = FCD30F8F16F64D9D00473BB8 /* RAFIdentityValueTransformer.h */; settings = {ATTRIBUTES = (Public, ); }; };
		FCD30FBD16F6505200473BB8 /* RAFNumberStringValueTransformer.h in Headers */ = {isa = PBXBuildFile; fileRef = FCD30F9116F64D9D00473BB8 /* RAFNumberStringValueTransformer.h */; settings = {ATTRIBUTES = (Public, ); }; };
		FCD30FBE16F6505200473BB8 /* RAFTableForm.h in Headers */ = {isa = PBXBuildFile; fileRef = FCD30F9316F64D9D00473BB8 /* RAFTableForm.h */; settings = {ATTRIBUTES = (Public, ); }; };
		FCD30FBF16F6505200473BB8 /* RAFTableSection.h in Headers */ = {isa = PBXBuildFile; fileRef = FCD30F9516F64D9D00473BB8 /* RAFTableSection.h */; settings = {ATTRIBUTES = (Public, ); }; };
		FCD30FC016F6505200473BB8 /* RAFInputRow.h in Headers */ = {isa = PBXBuildFile; fileRef = FCD30F9716F64D9D00473BB8 /* RAFInputRow.h */; settings = {ATTRIBUTES = (Public, ); }; };
		FCD30FC116F6505200473BB8 /* RAFValidator.h in Headers */ = {isa = PBXBuildFile; fileRef = FCD30F9916F64D9D00473BB8 /* RAFValidator.h */; settings = {ATTRIBUTES = (Public, ); }; };
/* End PBXBuildFile section */

/* Begin PBXContainerItemProxy section */
		FCD30F5016F64B4B00473BB8 /* PBXContainerItemProxy */ = {
			isa = PBXContainerItemProxy;
			containerPortal = FCD30F3116F64B4A00473BB8 /* Project object */;
			proxyType = 1;
			remoteGlobalIDString = FCD30F3816F64B4A00473BB8;
			remoteInfo = ReactiveFormlets;
		};
		FCD30F6C16F64C1500473BB8 /* PBXContainerItemProxy */ = {
			isa = PBXContainerItemProxy;
			containerPortal = FCD30F6416F64C1500473BB8 /* ReactiveCocoa.xcodeproj */;
			proxyType = 2;
			remoteGlobalIDString = 88037F8315056328001A5B19;
			remoteInfo = ReactiveCocoa;
		};
		FCD30F6E16F64C1500473BB8 /* PBXContainerItemProxy */ = {
			isa = PBXContainerItemProxy;
			containerPortal = FCD30F6416F64C1500473BB8 /* ReactiveCocoa.xcodeproj */;
			proxyType = 2;
			remoteGlobalIDString = 88F440AB153DAC820097B4C3;
			remoteInfo = "ReactiveCocoa-iOS";
		};
		FCD30F7016F64C1500473BB8 /* PBXContainerItemProxy */ = {
			isa = PBXContainerItemProxy;
			containerPortal = FCD30F6416F64C1500473BB8 /* ReactiveCocoa.xcodeproj */;
			proxyType = 2;
			remoteGlobalIDString = 88CDF7DC15000FCF00163A9F;
			remoteInfo = ReactiveCocoaTests;
		};
		FCD30F7316F64C5D00473BB8 /* PBXContainerItemProxy */ = {
			isa = PBXContainerItemProxy;
			containerPortal = FCD30F6416F64C1500473BB8 /* ReactiveCocoa.xcodeproj */;
			proxyType = 1;
			remoteGlobalIDString = 88F440AA153DAC820097B4C3;
			remoteInfo = "ReactiveCocoa-iOS";
		};
/* End PBXContainerItemProxy section */

/* Begin PBXFileReference section */
		FCD30F3916F64B4A00473BB8 /* libReactiveFormlets.a */ = {isa = PBXFileReference; explicitFileType = archive.ar; includeInIndex = 0; path = libReactiveFormlets.a; sourceTree = BUILT_PRODUCTS_DIR; };
		FCD30F3C16F64B4A00473BB8 /* Foundation.framework */ = {isa = PBXFileReference; lastKnownFileType = wrapper.framework; name = Foundation.framework; path = System/Library/Frameworks/Foundation.framework; sourceTree = SDKROOT; };
		FCD30F4016F64B4A00473BB8 /* ReactiveFormlets-Prefix.pch */ = {isa = PBXFileReference; lastKnownFileType = sourcecode.c.h; path = "ReactiveFormlets-Prefix.pch"; sourceTree = "<group>"; };
		FCD30F4116F64B4A00473BB8 /* ReactiveFormlets.h */ = {isa = PBXFileReference; lastKnownFileType = sourcecode.c.h; path = ReactiveFormlets.h; sourceTree = "<group>"; };
		FCD30F4A16F64B4B00473BB8 /* ReactiveFormletsTests.octest */ = {isa = PBXFileReference; explicitFileType = wrapper.cfbundle; includeInIndex = 0; path = ReactiveFormletsTests.octest; sourceTree = BUILT_PRODUCTS_DIR; };
		FCD30F4B16F64B4B00473BB8 /* SenTestingKit.framework */ = {isa = PBXFileReference; lastKnownFileType = wrapper.framework; name = SenTestingKit.framework; path = Library/Frameworks/SenTestingKit.framework; sourceTree = DEVELOPER_DIR; };
		FCD30F4D16F64B4B00473BB8 /* UIKit.framework */ = {isa = PBXFileReference; lastKnownFileType = wrapper.framework; name = UIKit.framework; path = Library/Frameworks/UIKit.framework; sourceTree = DEVELOPER_DIR; };
		FCD30F5516F64B4B00473BB8 /* ReactiveFormletsTests-Info.plist */ = {isa = PBXFileReference; lastKnownFileType = text.plist.xml; path = "ReactiveFormletsTests-Info.plist"; sourceTree = "<group>"; };
		FCD30F5716F64B4B00473BB8 /* en */ = {isa = PBXFileReference; lastKnownFileType = text.plist.strings; name = en; path = en.lproj/InfoPlist.strings; sourceTree = "<group>"; };
		FCD30F5916F64B4B00473BB8 /* ReactiveFormletsTests.h */ = {isa = PBXFileReference; lastKnownFileType = sourcecode.c.h; path = ReactiveFormletsTests.h; sourceTree = "<group>"; };
		FCD30F5A16F64B4B00473BB8 /* ReactiveFormletsTests.m */ = {isa = PBXFileReference; lastKnownFileType = sourcecode.c.objc; path = ReactiveFormletsTests.m; sourceTree = "<group>"; };
		FCD30F6416F64C1500473BB8 /* ReactiveCocoa.xcodeproj */ = {isa = PBXFileReference; lastKnownFileType = "wrapper.pb-project"; name = ReactiveCocoa.xcodeproj; path = external/ReactiveCocoa/ReactiveCocoaFramework/ReactiveCocoa.xcodeproj; sourceTree = "<group>"; };
		FCD30F7B16F64D0300473BB8 /* UIKit.framework */ = {isa = PBXFileReference; lastKnownFileType = wrapper.framework; name = UIKit.framework; path = System/Library/Frameworks/UIKit.framework; sourceTree = SDKROOT; };
		FCD30F7F16F64D9D00473BB8 /* RAFFormlet.h */ = {isa = PBXFileReference; fileEncoding = 4; lastKnownFileType = sourcecode.c.h; path = RAFFormlet.h; sourceTree = "<group>"; };
		FCD30F8016F64D9D00473BB8 /* RAFFormlet.m */ = {isa = PBXFileReference; fileEncoding = 4; lastKnownFileType = sourcecode.c.objc; path = RAFFormlet.m; sourceTree = "<group>"; };
		FCD30F8116F64D9D00473BB8 /* RAFLens.h */ = {isa = PBXFileReference; fileEncoding = 4; lastKnownFileType = sourcecode.c.h; path = RAFLens.h; sourceTree = "<group>"; };
		FCD30F8216F64D9D00473BB8 /* RAFLens.m */ = {isa = PBXFileReference; fileEncoding = 4; lastKnownFileType = sourcecode.c.objc; path = RAFLens.m; sourceTree = "<group>"; };
		FCD30F8316F64D9D00473BB8 /* RAFModel.h */ = {isa = PBXFileReference; fileEncoding = 4; lastKnownFileType = sourcecode.c.h; path = RAFModel.h; sourceTree = "<group>"; };
		FCD30F8416F64D9D00473BB8 /* RAFModel.m */ = {isa = PBXFileReference; fileEncoding = 4; lastKnownFileType = sourcecode.c.objc; path = RAFModel.m; sourceTree = "<group>"; };
		FCD30F8516F64D9D00473BB8 /* RAFOrderedDictionary.h */ = {isa = PBXFileReference; fileEncoding = 4; lastKnownFileType = sourcecode.c.h; path = RAFOrderedDictionary.h; sourceTree = "<group>"; };
		FCD30F8616F64D9D00473BB8 /* RAFOrderedDictionary.m */ = {isa = PBXFileReference; fileEncoding = 4; lastKnownFileType = sourcecode.c.objc; path = RAFOrderedDictionary.m; sourceTree = "<group>"; };
		FCD30F8716F64D9D00473BB8 /* RAFReifiedProtocol.h */ = {isa = PBXFileReference; fileEncoding = 4; lastKnownFileType = sourcecode.c.h; path = RAFReifiedProtocol.h; sourceTree = "<group>"; };
		FCD30F8816F64D9D00473BB8 /* RAFReifiedProtocol.m */ = {isa = PBXFileReference; fileEncoding = 4; lastKnownFileType = sourcecode.c.objc; path = RAFReifiedProtocol.m; sourceTree = "<group>"; };
		FCD30F8916F64D9D00473BB8 /* RAFSignalSource.h */ = {isa = PBXFileReference; fileEncoding = 4; lastKnownFileType = sourcecode.c.h; path = RAFSignalSource.h; sourceTree = "<group>"; };
		FCD30F8A16F64D9D00473BB8 /* RAFSignalSource.m */ = {isa = PBXFileReference; fileEncoding = 4; lastKnownFileType = sourcecode.c.objc; path = RAFSignalSource.m; sourceTree = "<group>"; };
		FCD30F8B16F64D9D00473BB8 /* RAFObjCRuntime.h */ = {isa = PBXFileReference; fileEncoding = 4; lastKnownFileType = sourcecode.c.h; path = RAFObjCRuntime.h; sourceTree = "<group>"; };
		FCD30F8C16F64D9D00473BB8 /* RAFObjCRuntime.m */ = {isa = PBXFileReference; fileEncoding = 4; lastKnownFileType = sourcecode.c.objc; path = RAFObjCRuntime.m; sourceTree = "<group>"; };
		FCD30F8D16F64D9D00473BB8 /* NSInvocation+RAFExtensions.h */ = {isa = PBXFileReference; fileEncoding = 4; lastKnownFileType = sourcecode.c.h; path = "NSInvocation+RAFExtensions.h"; sourceTree = "<group>"; };
		FCD30F8E16F64D9D00473BB8 /* NSInvocation+RAFExtensions.m */ = {isa = PBXFileReference; fileEncoding = 4; lastKnownFileType = sourcecode.c.objc; path = "NSInvocation+RAFExtensions.m"; sourceTree = "<group>"; };
		FCD30F8F16F64D9D00473BB8 /* RAFIdentityValueTransformer.h */ = {isa = PBXFileReference; fileEncoding = 4; lastKnownFileType = sourcecode.c.h; path = RAFIdentityValueTransformer.h; sourceTree = "<group>"; };
		FCD30F9016F64D9D00473BB8 /* RAFIdentityValueTransformer.m */ = {isa = PBXFileReference; fileEncoding = 4; lastKnownFileType = sourcecode.c.objc; path = RAFIdentityValueTransformer.m; sourceTree = "<group>"; };
		FCD30F9116F64D9D00473BB8 /* RAFNumberStringValueTransformer.h */ = {isa = PBXFileReference; fileEncoding = 4; lastKnownFileType = sourcecode.c.h; path = RAFNumberStringValueTransformer.h; sourceTree = "<group>"; };
		FCD30F9216F64D9D00473BB8 /* RAFNumberStringValueTransformer.m */ = {isa = PBXFileReference; fileEncoding = 4; lastKnownFileType = sourcecode.c.objc; path = RAFNumberStringValueTransformer.m; sourceTree = "<group>"; };
		FCD30F9316F64D9D00473BB8 /* RAFTableForm.h */ = {isa = PBXFileReference; fileEncoding = 4; lastKnownFileType = sourcecode.c.h; path = RAFTableForm.h; sourceTree = "<group>"; };
		FCD30F9416F64D9D00473BB8 /* RAFTableForm.m */ = {isa = PBXFileReference; fileEncoding = 4; lastKnownFileType = sourcecode.c.objc; path = RAFTableForm.m; sourceTree = "<group>"; };
		FCD30F9516F64D9D00473BB8 /* RAFTableSection.h */ = {isa = PBXFileReference; fileEncoding = 4; lastKnownFileType = sourcecode.c.h; path = RAFTableSection.h; sourceTree = "<group>"; };
		FCD30F9616F64D9D00473BB8 /* RAFTableSection.m */ = {isa = PBXFileReference; fileEncoding = 4; lastKnownFileType = sourcecode.c.objc; path = RAFTableSection.m; sourceTree = "<group>"; };
		FCD30F9716F64D9D00473BB8 /* RAFInputRow.h */ = {isa = PBXFileReference; fileEncoding = 4; lastKnownFileType = sourcecode.c.h; path = RAFInputRow.h; sourceTree = "<group>"; };
		FCD30F9816F64D9D00473BB8 /* RAFInputRow.m */ = {isa = PBXFileReference; fileEncoding = 4; lastKnownFileType = sourcecode.c.objc; path = RAFInputRow.m; sourceTree = "<group>"; };
		FCD30F9916F64D9D00473BB8 /* RAFValidator.h */ = {isa = PBXFileReference; fileEncoding = 4; lastKnownFileType = sourcecode.c.h; path = RAFValidator.h; sourceTree = "<group>"; };
		FCD30F9A16F64D9D00473BB8 /* RAFValidator.m */ = {isa = PBXFileReference; fileEncoding = 4; lastKnownFileType = sourcecode.c.objc; path = RAFValidator.m; sourceTree = "<group>"; };
		FCD30FAA16F64E1000473BB8 /* metamacros.h */ = {isa = PBXFileReference; fileEncoding = 4; lastKnownFileType = sourcecode.c.h; name = metamacros.h; path = external/libextobjc/extobjc/metamacros.h; sourceTree = "<group>"; };
		FCD30FAC16F64E1C00473BB8 /* EXTScope.h */ = {isa = PBXFileReference; fileEncoding = 4; lastKnownFileType = sourcecode.c.h; name = EXTScope.h; path = external/libextobjc/extobjc/EXTScope.h; sourceTree = "<group>"; };
		FCD30FAD16F64E2700473BB8 /* EXTScope.m */ = {isa = PBXFileReference; fileEncoding = 4; lastKnownFileType = sourcecode.c.objc; name = EXTScope.m; path = external/libextobjc/extobjc/EXTScope.m; sourceTree = "<group>"; };
		FCD30FAF16F64E3000473BB8 /* EXTConcreteProtocol.h */ = {isa = PBXFileReference; fileEncoding = 4; lastKnownFileType = sourcecode.c.h; name = EXTConcreteProtocol.h; path = external/libextobjc/extobjc/EXTConcreteProtocol.h; sourceTree = "<group>"; };
		FCD30FB016F64E3000473BB8 /* EXTConcreteProtocol.m */ = {isa = PBXFileReference; fileEncoding = 4; lastKnownFileType = sourcecode.c.objc; name = EXTConcreteProtocol.m; path = external/libextobjc/extobjc/EXTConcreteProtocol.m; sourceTree = "<group>"; };
/* End PBXFileReference section */

/* Begin PBXFrameworksBuildPhase section */
		FCD30F3616F64B4A00473BB8 /* Frameworks */ = {
			isa = PBXFrameworksBuildPhase;
			buildActionMask = 2147483647;
			files = (
				FCD30F7C16F64D0300473BB8 /* UIKit.framework in Frameworks */,
				FCD30F7216F64C4E00473BB8 /* libReactiveCocoa-iOS.a in Frameworks */,
				FCD30F3D16F64B4A00473BB8 /* Foundation.framework in Frameworks */,
			);
			runOnlyForDeploymentPostprocessing = 0;
		};
		FCD30F4616F64B4B00473BB8 /* Frameworks */ = {
			isa = PBXFrameworksBuildPhase;
			buildActionMask = 2147483647;
			files = (
				FCD30F4C16F64B4B00473BB8 /* SenTestingKit.framework in Frameworks */,
				FCD30F4E16F64B4B00473BB8 /* UIKit.framework in Frameworks */,
				FCD30F4F16F64B4B00473BB8 /* Foundation.framework in Frameworks */,
				FCD30F5216F64B4B00473BB8 /* libReactiveFormlets.a in Frameworks */,
			);
			runOnlyForDeploymentPostprocessing = 0;
		};
/* End PBXFrameworksBuildPhase section */

/* Begin PBXGroup section */
		FCD30F3016F64B4A00473BB8 = {
			isa = PBXGroup;
			children = (
				FCD30F3E16F64B4A00473BB8 /* ReactiveFormlets */,
				FCD30F5316F64B4B00473BB8 /* ReactiveFormletsTests */,
				FCD30F3B16F64B4A00473BB8 /* Frameworks */,
				FCD30F3A16F64B4A00473BB8 /* Products */,
			);
			sourceTree = "<group>";
			usesTabs = 1;
		};
		FCD30F3A16F64B4A00473BB8 /* Products */ = {
			isa = PBXGroup;
			children = (
				FCD30F3916F64B4A00473BB8 /* libReactiveFormlets.a */,
				FCD30F4A16F64B4B00473BB8 /* ReactiveFormletsTests.octest */,
			);
			name = Products;
			sourceTree = "<group>";
		};
		FCD30F3B16F64B4A00473BB8 /* Frameworks */ = {
			isa = PBXGroup;
			children = (
				FCD30FA916F64DF500473BB8 /* libextobjc */,
				FCD30F6416F64C1500473BB8 /* ReactiveCocoa.xcodeproj */,
				FCD30F3C16F64B4A00473BB8 /* Foundation.framework */,
				FCD30F7B16F64D0300473BB8 /* UIKit.framework */,
				FCD30F4B16F64B4B00473BB8 /* SenTestingKit.framework */,
				FCD30F4D16F64B4B00473BB8 /* UIKit.framework */,
			);
			name = Frameworks;
			sourceTree = "<group>";
		};
		FCD30F3E16F64B4A00473BB8 /* ReactiveFormlets */ = {
			isa = PBXGroup;
			children = (
				FCD30F4116F64B4A00473BB8 /* ReactiveFormlets.h */,
				FCF19B9016F6D34700111678 /* Core Interfaces */,
				FCF19B8F16F6D33300111678 /* Machinery */,
				FCF19B8E16F6D32000111678 /* Extensions */,
				FCF19B8D16F6D31600111678 /* Value Transformers */,
				FCF19B8A16F6D30500111678 /* Formlets */,
				FCD30F3F16F64B4A00473BB8 /* Supporting Files */,
			);
			path = ReactiveFormlets;
			sourceTree = "<group>";
		};
		FCD30F3F16F64B4A00473BB8 /* Supporting Files */ = {
			isa = PBXGroup;
			children = (
				FCD30F4016F64B4A00473BB8 /* ReactiveFormlets-Prefix.pch */,
			);
			name = "Supporting Files";
			sourceTree = "<group>";
		};
		FCD30F5316F64B4B00473BB8 /* ReactiveFormletsTests */ = {
			isa = PBXGroup;
			children = (
				FCD30F5916F64B4B00473BB8 /* ReactiveFormletsTests.h */,
				FCD30F5A16F64B4B00473BB8 /* ReactiveFormletsTests.m */,
				FCD30F5416F64B4B00473BB8 /* Supporting Files */,
			);
			path = ReactiveFormletsTests;
			sourceTree = "<group>";
		};
		FCD30F5416F64B4B00473BB8 /* Supporting Files */ = {
			isa = PBXGroup;
			children = (
				FCD30F5516F64B4B00473BB8 /* ReactiveFormletsTests-Info.plist */,
				FCD30F5616F64B4B00473BB8 /* InfoPlist.strings */,
			);
			name = "Supporting Files";
			sourceTree = "<group>";
		};
		FCD30F6516F64C1500473BB8 /* Products */ = {
			isa = PBXGroup;
			children = (
				FCD30F6D16F64C1500473BB8 /* ReactiveCocoa.framework */,
				FCD30F6F16F64C1500473BB8 /* libReactiveCocoa-iOS.a */,
				FCD30F7116F64C1500473BB8 /* ReactiveCocoaTests.octest */,
			);
			name = Products;
			sourceTree = "<group>";
		};
		FCD30FA916F64DF500473BB8 /* libextobjc */ = {
			isa = PBXGroup;
			children = (
				FCD30FAC16F64E1C00473BB8 /* EXTScope.h */,
				FCD30FAD16F64E2700473BB8 /* EXTScope.m */,
				FCD30FAF16F64E3000473BB8 /* EXTConcreteProtocol.h */,
				FCD30FB016F64E3000473BB8 /* EXTConcreteProtocol.m */,
				FCD30FAA16F64E1000473BB8 /* metamacros.h */,
			);
			name = libextobjc;
			sourceTree = "<group>";
		};
		FCF19B8A16F6D30500111678 /* Formlets */ = {
			isa = PBXGroup;
			children = (
				FCD30F9316F64D9D00473BB8 /* RAFTableForm.h */,
				FCD30F9416F64D9D00473BB8 /* RAFTableForm.m */,
				FCD30F9516F64D9D00473BB8 /* RAFTableSection.h */,
				FCD30F9616F64D9D00473BB8 /* RAFTableSection.m */,
				FCD30F9716F64D9D00473BB8 /* RAFInputRow.h */,
				FCD30F9816F64D9D00473BB8 /* RAFInputRow.m */,
			);
			name = Formlets;
			sourceTree = "<group>";
		};
		FCF19B8D16F6D31600111678 /* Value Transformers */ = {
			isa = PBXGroup;
			children = (
				FCD30F8F16F64D9D00473BB8 /* RAFIdentityValueTransformer.h */,
				FCD30F9016F64D9D00473BB8 /* RAFIdentityValueTransformer.m */,
				FCD30F9116F64D9D00473BB8 /* RAFNumberStringValueTransformer.h */,
				FCD30F9216F64D9D00473BB8 /* RAFNumberStringValueTransformer.m */,
			);
			name = "Value Transformers";
			sourceTree = "<group>";
		};
		FCF19B8E16F6D32000111678 /* Extensions */ = {
			isa = PBXGroup;
			children = (
				FCD30F8D16F64D9D00473BB8 /* NSInvocation+RAFExtensions.h */,
				FCD30F8E16F64D9D00473BB8 /* NSInvocation+RAFExtensions.m */,
			);
			name = Extensions;
			sourceTree = "<group>";
		};
		FCF19B8F16F6D33300111678 /* Machinery */ = {
			isa = PBXGroup;
			children = (
				FCD30F8716F64D9D00473BB8 /* RAFReifiedProtocol.h */,
				FCD30F8816F64D9D00473BB8 /* RAFReifiedProtocol.m */,
				FCD30F8516F64D9D00473BB8 /* RAFOrderedDictionary.h */,
				FCD30F8616F64D9D00473BB8 /* RAFOrderedDictionary.m */,
				FCD30F8B16F64D9D00473BB8 /* RAFObjCRuntime.h */,
				FCD30F8C16F64D9D00473BB8 /* RAFObjCRuntime.m */,
			);
			name = Machinery;
			sourceTree = "<group>";
		};
		FCF19B9016F6D34700111678 /* Core Interfaces */ = {
			isa = PBXGroup;
			children = (
				FCD30F7F16F64D9D00473BB8 /* RAFFormlet.h */,
				FCD30F8016F64D9D00473BB8 /* RAFFormlet.m */,
				FCD30F8116F64D9D00473BB8 /* RAFLens.h */,
				FCD30F8216F64D9D00473BB8 /* RAFLens.m */,
				FCD30F8316F64D9D00473BB8 /* RAFModel.h */,
				FCD30F8416F64D9D00473BB8 /* RAFModel.m */,
				FCD30F8916F64D9D00473BB8 /* RAFSignalSource.h */,
				FCD30F8A16F64D9D00473BB8 /* RAFSignalSource.m */,
				FCD30F9916F64D9D00473BB8 /* RAFValidator.h */,
				FCD30F9A16F64D9D00473BB8 /* RAFValidator.m */,
			);
			name = "Core Interfaces";
			sourceTree = "<group>";
		};
/* End PBXGroup section */

/* Begin PBXHeadersBuildPhase section */
		FCD30FB216F6503700473BB8 /* Headers */ = {
			isa = PBXHeadersBuildPhase;
			buildActionMask = 2147483647;
			files = (
				FCD30FB316F6505200473BB8 /* ReactiveFormlets.h in Headers */,
				FCD30FB416F6505200473BB8 /* RAFFormlet.h in Headers */,
				FCD30FB516F6505200473BB8 /* RAFLens.h in Headers */,
				FCD30FB616F6505200473BB8 /* RAFModel.h in Headers */,
				FCD30FB716F6505200473BB8 /* RAFOrderedDictionary.h in Headers */,
				FCD30FB816F6505200473BB8 /* RAFReifiedProtocol.h in Headers */,
				FCD30FB916F6505200473BB8 /* RAFSignalSource.h in Headers */,
				FCD30FBA16F6505200473BB8 /* RAFObjCRuntime.h in Headers */,
				FCD30FBB16F6505200473BB8 /* NSInvocation+RAFExtensions.h in Headers */,
				FCD30FBC16F6505200473BB8 /* RAFIdentityValueTransformer.h in Headers */,
				FCD30FBD16F6505200473BB8 /* RAFNumberStringValueTransformer.h in Headers */,
				FCD30FBE16F6505200473BB8 /* RAFTableForm.h in Headers */,
				FCD30FBF16F6505200473BB8 /* RAFTableSection.h in Headers */,
				FCD30FC016F6505200473BB8 /* RAFInputRow.h in Headers */,
				FCD30FC116F6505200473BB8 /* RAFValidator.h in Headers */,
			);
			runOnlyForDeploymentPostprocessing = 0;
		};
/* End PBXHeadersBuildPhase section */

/* Begin PBXNativeTarget section */
		FCD30F3816F64B4A00473BB8 /* ReactiveFormlets */ = {
			isa = PBXNativeTarget;
			buildConfigurationList = FCD30F5E16F64B4B00473BB8 /* Build configuration list for PBXNativeTarget "ReactiveFormlets" */;
			buildPhases = (
				FCD30F3516F64B4A00473BB8 /* Sources */,
				FCD30F3616F64B4A00473BB8 /* Frameworks */,
				FCD30FB216F6503700473BB8 /* Headers */,
			);
			buildRules = (
			);
			dependencies = (
				FCD30F7416F64C5D00473BB8 /* PBXTargetDependency */,
			);
			name = ReactiveFormlets;
			productName = ReactiveFormlets;
			productReference = FCD30F3916F64B4A00473BB8 /* libReactiveFormlets.a */;
			productType = "com.apple.product-type.library.static";
		};
		FCD30F4916F64B4B00473BB8 /* ReactiveFormletsTests */ = {
			isa = PBXNativeTarget;
			buildConfigurationList = FCD30F6116F64B4B00473BB8 /* Build configuration list for PBXNativeTarget "ReactiveFormletsTests" */;
			buildPhases = (
				FCD30F4516F64B4B00473BB8 /* Sources */,
				FCD30F4616F64B4B00473BB8 /* Frameworks */,
				FCD30F4716F64B4B00473BB8 /* Resources */,
				FCD30F4816F64B4B00473BB8 /* ShellScript */,
			);
			buildRules = (
			);
			dependencies = (
				FCD30F5116F64B4B00473BB8 /* PBXTargetDependency */,
			);
			name = ReactiveFormletsTests;
			productName = ReactiveFormletsTests;
			productReference = FCD30F4A16F64B4B00473BB8 /* ReactiveFormletsTests.octest */;
			productType = "com.apple.product-type.bundle";
		};
/* End PBXNativeTarget section */

/* Begin PBXProject section */
		FCD30F3116F64B4A00473BB8 /* Project object */ = {
			isa = PBXProject;
			attributes = {
				CLASSPREFIX = RAF;
				LastUpgradeCheck = 0460;
				ORGANIZATIONNAME = "Jon Sterling";
			};
			buildConfigurationList = FCD30F3416F64B4A00473BB8 /* Build configuration list for PBXProject "ReactiveFormlets" */;
			compatibilityVersion = "Xcode 3.2";
			developmentRegion = English;
			hasScannedForEncodings = 0;
			knownRegions = (
				en,
			);
			mainGroup = FCD30F3016F64B4A00473BB8;
			productRefGroup = FCD30F3A16F64B4A00473BB8 /* Products */;
			projectDirPath = "";
			projectReferences = (
				{
					ProductGroup = FCD30F6516F64C1500473BB8 /* Products */;
					ProjectRef = FCD30F6416F64C1500473BB8 /* ReactiveCocoa.xcodeproj */;
				},
			);
			projectRoot = "";
			targets = (
				FCD30F3816F64B4A00473BB8 /* ReactiveFormlets */,
				FCD30F4916F64B4B00473BB8 /* ReactiveFormletsTests */,
			);
		};
/* End PBXProject section */

/* Begin PBXReferenceProxy section */
		FCD30F6D16F64C1500473BB8 /* ReactiveCocoa.framework */ = {
			isa = PBXReferenceProxy;
			fileType = wrapper.framework;
			path = ReactiveCocoa.framework;
			remoteRef = FCD30F6C16F64C1500473BB8 /* PBXContainerItemProxy */;
			sourceTree = BUILT_PRODUCTS_DIR;
		};
		FCD30F6F16F64C1500473BB8 /* libReactiveCocoa-iOS.a */ = {
			isa = PBXReferenceProxy;
			fileType = archive.ar;
			path = "libReactiveCocoa-iOS.a";
			remoteRef = FCD30F6E16F64C1500473BB8 /* PBXContainerItemProxy */;
			sourceTree = BUILT_PRODUCTS_DIR;
		};
		FCD30F7116F64C1500473BB8 /* ReactiveCocoaTests.octest */ = {
			isa = PBXReferenceProxy;
			fileType = wrapper.cfbundle;
			path = ReactiveCocoaTests.octest;
			remoteRef = FCD30F7016F64C1500473BB8 /* PBXContainerItemProxy */;
			sourceTree = BUILT_PRODUCTS_DIR;
		};
/* End PBXReferenceProxy section */

/* Begin PBXResourcesBuildPhase section */
		FCD30F4716F64B4B00473BB8 /* Resources */ = {
			isa = PBXResourcesBuildPhase;
			buildActionMask = 2147483647;
			files = (
				FCD30F5816F64B4B00473BB8 /* InfoPlist.strings in Resources */,
			);
			runOnlyForDeploymentPostprocessing = 0;
		};
/* End PBXResourcesBuildPhase section */

/* Begin PBXShellScriptBuildPhase section */
		FCD30F4816F64B4B00473BB8 /* ShellScript */ = {
			isa = PBXShellScriptBuildPhase;
			buildActionMask = 2147483647;
			files = (
			);
			inputPaths = (
			);
			outputPaths = (
			);
			runOnlyForDeploymentPostprocessing = 0;
			shellPath = /bin/sh;
			shellScript = "# Run the unit tests in this test bundle.\n\"${SYSTEM_DEVELOPER_DIR}/Tools/RunUnitTests\"\n";
		};
/* End PBXShellScriptBuildPhase section */

/* Begin PBXSourcesBuildPhase section */
		FCD30F3516F64B4A00473BB8 /* Sources */ = {
			isa = PBXSourcesBuildPhase;
			buildActionMask = 2147483647;
			files = (
				FCD30F9B16F64D9D00473BB8 /* RAFFormlet.m in Sources */,
				FCD30F9C16F64D9D00473BB8 /* RAFLens.m in Sources */,
				FCD30F9D16F64D9D00473BB8 /* RAFModel.m in Sources */,
				FCD30F9E16F64D9D00473BB8 /* RAFOrderedDictionary.m in Sources */,
				FCD30F9F16F64D9D00473BB8 /* RAFReifiedProtocol.m in Sources */,
				FCD30FA016F64D9D00473BB8 /* RAFSignalSource.m in Sources */,
				FCD30FA116F64D9D00473BB8 /* RAFObjCRuntime.m in Sources */,
				FCD30FA216F64D9D00473BB8 /* NSInvocation+RAFExtensions.m in Sources */,
				FCD30FA316F64D9D00473BB8 /* RAFIdentityValueTransformer.m in Sources */,
				FCD30FA416F64D9D00473BB8 /* RAFNumberStringValueTransformer.m in Sources */,
				FCD30FA516F64D9D00473BB8 /* RAFTableForm.m in Sources */,
				FCD30FA616F64D9D00473BB8 /* RAFTableSection.m in Sources */,
				FCD30FA716F64D9D00473BB8 /* RAFInputRow.m in Sources */,
				FCD30FA816F64D9D00473BB8 /* RAFValidator.m in Sources */,
			);
			runOnlyForDeploymentPostprocessing = 0;
		};
		FCD30F4516F64B4B00473BB8 /* Sources */ = {
			isa = PBXSourcesBuildPhase;
			buildActionMask = 2147483647;
			files = (
				FCD30F5B16F64B4B00473BB8 /* ReactiveFormletsTests.m in Sources */,
				FCD30FAE16F64E2700473BB8 /* EXTScope.m in Sources */,
				FCD30FB116F64E3000473BB8 /* EXTConcreteProtocol.m in Sources */,
			);
			runOnlyForDeploymentPostprocessing = 0;
		};
/* End PBXSourcesBuildPhase section */

/* Begin PBXTargetDependency section */
		FCD30F5116F64B4B00473BB8 /* PBXTargetDependency */ = {
			isa = PBXTargetDependency;
			target = FCD30F3816F64B4A00473BB8 /* ReactiveFormlets */;
			targetProxy = FCD30F5016F64B4B00473BB8 /* PBXContainerItemProxy */;
		};
		FCD30F7416F64C5D00473BB8 /* PBXTargetDependency */ = {
			isa = PBXTargetDependency;
			name = "ReactiveCocoa-iOS";
			targetProxy = FCD30F7316F64C5D00473BB8 /* PBXContainerItemProxy */;
		};
/* End PBXTargetDependency section */

/* Begin PBXVariantGroup section */
		FCD30F5616F64B4B00473BB8 /* InfoPlist.strings */ = {
			isa = PBXVariantGroup;
			children = (
				FCD30F5716F64B4B00473BB8 /* en */,
			);
			name = InfoPlist.strings;
			sourceTree = "<group>";
		};
/* End PBXVariantGroup section */

/* Begin XCBuildConfiguration section */
		FCD30F5C16F64B4B00473BB8 /* Debug */ = {
			isa = XCBuildConfiguration;
			buildSettings = {
				ALWAYS_SEARCH_USER_PATHS = NO;
				CLANG_CXX_LANGUAGE_STANDARD = "gnu++0x";
				CLANG_CXX_LIBRARY = "libc++";
				CLANG_ENABLE_OBJC_ARC = YES;
				CLANG_WARN_CONSTANT_CONVERSION = YES;
				CLANG_WARN_EMPTY_BODY = YES;
				CLANG_WARN_ENUM_CONVERSION = YES;
				CLANG_WARN_INT_CONVERSION = YES;
				CLANG_WARN__DUPLICATE_METHOD_MATCH = YES;
				COPY_PHASE_STRIP = NO;
				GCC_C_LANGUAGE_STANDARD = gnu99;
				GCC_DYNAMIC_NO_PIC = NO;
				GCC_OPTIMIZATION_LEVEL = 0;
				GCC_PREPROCESSOR_DEFINITIONS = (
					"DEBUG=1",
					"$(inherited)",
				);
				GCC_SYMBOLS_PRIVATE_EXTERN = NO;
				GCC_WARN_ABOUT_RETURN_TYPE = YES;
				GCC_WARN_UNINITIALIZED_AUTOS = YES;
				GCC_WARN_UNUSED_VARIABLE = YES;
				IPHONEOS_DEPLOYMENT_TARGET = 6.1;
				ONLY_ACTIVE_ARCH = YES;
				SDKROOT = iphoneos;
			};
			name = Debug;
		};
		FCD30F5D16F64B4B00473BB8 /* Release */ = {
			isa = XCBuildConfiguration;
			buildSettings = {
				ALWAYS_SEARCH_USER_PATHS = NO;
				CLANG_CXX_LANGUAGE_STANDARD = "gnu++0x";
				CLANG_CXX_LIBRARY = "libc++";
				CLANG_ENABLE_OBJC_ARC = YES;
				CLANG_WARN_CONSTANT_CONVERSION = YES;
				CLANG_WARN_EMPTY_BODY = YES;
				CLANG_WARN_ENUM_CONVERSION = YES;
				CLANG_WARN_INT_CONVERSION = YES;
				CLANG_WARN__DUPLICATE_METHOD_MATCH = YES;
				COPY_PHASE_STRIP = YES;
				GCC_C_LANGUAGE_STANDARD = gnu99;
				GCC_WARN_ABOUT_RETURN_TYPE = YES;
				GCC_WARN_UNINITIALIZED_AUTOS = YES;
				GCC_WARN_UNUSED_VARIABLE = YES;
				IPHONEOS_DEPLOYMENT_TARGET = 6.1;
				SDKROOT = iphoneos;
				VALIDATE_PRODUCT = YES;
			};
			name = Release;
		};
		FCD30F5F16F64B4B00473BB8 /* Debug */ = {
			isa = XCBuildConfiguration;
			buildSettings = {
				DSTROOT = /tmp/ReactiveFormlets.dst;
				GCC_PRECOMPILE_PREFIX_HEADER = YES;
				GCC_PREFIX_HEADER = "ReactiveFormlets/ReactiveFormlets-Prefix.pch";
				OTHER_LDFLAGS = "-ObjC";
				PRODUCT_NAME = "$(TARGET_NAME)";
				PUBLIC_HEADERS_FOLDER_PATH = include/ReactiveFormlets;
				SKIP_INSTALL = YES;
			};
			name = Debug;
		};
		FCD30F6016F64B4B00473BB8 /* Release */ = {
			isa = XCBuildConfiguration;
			buildSettings = {
				DSTROOT = /tmp/ReactiveFormlets.dst;
				GCC_PRECOMPILE_PREFIX_HEADER = YES;
				GCC_PREFIX_HEADER = "ReactiveFormlets/ReactiveFormlets-Prefix.pch";
				OTHER_LDFLAGS = "-ObjC";
				PRODUCT_NAME = "$(TARGET_NAME)";
				PUBLIC_HEADERS_FOLDER_PATH = include/ReactiveFormlets;
				SKIP_INSTALL = YES;
			};
			name = Release;
		};
		FCD30F6216F64B4B00473BB8 /* Debug */ = {
			isa = XCBuildConfiguration;
			buildSettings = {
				FRAMEWORK_SEARCH_PATHS = (
					"\"$(SDKROOT)/Developer/Library/Frameworks\"",
					"\"$(DEVELOPER_LIBRARY_DIR)/Frameworks\"",
				);
				GCC_PRECOMPILE_PREFIX_HEADER = YES;
				GCC_PREFIX_HEADER = "ReactiveFormlets/ReactiveFormlets-Prefix.pch";
				INFOPLIST_FILE = "ReactiveFormletsTests/ReactiveFormletsTests-Info.plist";
				PRODUCT_NAME = "$(TARGET_NAME)";
				WRAPPER_EXTENSION = octest;
			};
			name = Debug;
		};
		FCD30F6316F64B4B00473BB8 /* Release */ = {
			isa = XCBuildConfiguration;
			buildSettings = {
				FRAMEWORK_SEARCH_PATHS = (
					"\"$(SDKROOT)/Developer/Library/Frameworks\"",
					"\"$(DEVELOPER_LIBRARY_DIR)/Frameworks\"",
				);
				GCC_PRECOMPILE_PREFIX_HEADER = YES;
				GCC_PREFIX_HEADER = "ReactiveFormlets/ReactiveFormlets-Prefix.pch";
				INFOPLIST_FILE = "ReactiveFormletsTests/ReactiveFormletsTests-Info.plist";
				PRODUCT_NAME = "$(TARGET_NAME)";
				WRAPPER_EXTENSION = octest;
			};
			name = Release;
		};
/* End XCBuildConfiguration section */

/* Begin XCConfigurationList section */
		FCD30F3416F64B4A00473BB8 /* Build configuration list for PBXProject "ReactiveFormlets" */ = {
			isa = XCConfigurationList;
			buildConfigurations = (
				FCD30F5C16F64B4B00473BB8 /* Debug */,
				FCD30F5D16F64B4B00473BB8 /* Release */,
			);
			defaultConfigurationIsVisible = 0;
			defaultConfigurationName = Release;
		};
		FCD30F5E16F64B4B00473BB8 /* Build configuration list for PBXNativeTarget "ReactiveFormlets" */ = {
			isa = XCConfigurationList;
			buildConfigurations = (
				FCD30F5F16F64B4B00473BB8 /* Debug */,
				FCD30F6016F64B4B00473BB8 /* Release */,
			);
			defaultConfigurationIsVisible = 0;
			defaultConfigurationName = Release;
		};
		FCD30F6116F64B4B00473BB8 /* Build configuration list for PBXNativeTarget "ReactiveFormletsTests" */ = {
			isa = XCConfigurationList;
			buildConfigurations = (
				FCD30F6216F64B4B00473BB8 /* Debug */,
				FCD30F6316F64B4B00473BB8 /* Release */,
			);
			defaultConfigurationIsVisible = 0;
			defaultConfigurationName = Release;
		};
/* End XCConfigurationList section */
	};
	rootObject = FCD30F3116F64B4A00473BB8 /* Project object */;
}
