// !$*UTF8*$!
{
	archiveVersion = 1;
	classes = {
	};
	objectVersion = 46;
	objects = {

/* Begin PBXBuildFile section */
		FC1386A8167FF6DD0022A146 /* libReactiveCocoa-iOS.a in Frameworks */ = {isa = PBXBuildFile; fileRef = FC13869C167FF6CF0022A146 /* libReactiveCocoa-iOS.a */; };
		FC2511CA1588614700534933 /* RFTableSection.m in Sources */ = {isa = PBXBuildFile; fileRef = FC2511C91588614700534933 /* RFTableSection.m */; };
		FC2511CD158862F700534933 /* RFTableForm.m in Sources */ = {isa = PBXBuildFile; fileRef = FC2511CC158862F700534933 /* RFTableForm.m */; };
		FC2511D01588649E00534933 /* RFInputRow.m in Sources */ = {isa = PBXBuildFile; fileRef = FC2511CF1588649E00534933 /* RFInputRow.m */; };
		FC2EAA01168CC470008EC3E4 /* NSInvocation+RFExtensions.m in Sources */ = {isa = PBXBuildFile; fileRef = FC2EAA00168CC470008EC3E4 /* NSInvocation+RFExtensions.m */; };
		FC2EAA05168D33C1008EC3E4 /* RFObjCRuntime.m in Sources */ = {isa = PBXBuildFile; fileRef = FC2EAA04168D33C1008EC3E4 /* RFObjCRuntime.m */; };
		FC3E5FB01596FDC3005F3F56 /* GHGitHubClient.m in Sources */ = {isa = PBXBuildFile; fileRef = FC3E5FA71596FDC3005F3F56 /* GHGitHubClient.m */; };
		FC3E5FB11596FDC3005F3F56 /* GHGitHubObject.m in Sources */ = {isa = PBXBuildFile; fileRef = FC3E5FA91596FDC3005F3F56 /* GHGitHubObject.m */; };
		FC3E5FB21596FDC3005F3F56 /* GHGitHubOrg.m in Sources */ = {isa = PBXBuildFile; fileRef = FC3E5FAB1596FDC3005F3F56 /* GHGitHubOrg.m */; };
		FC3E5FB31596FDC3005F3F56 /* GHGitHubTeam.m in Sources */ = {isa = PBXBuildFile; fileRef = FC3E5FAD1596FDC3005F3F56 /* GHGitHubTeam.m */; };
		FC3E5FB41596FDC3005F3F56 /* GHGitHubUser.m in Sources */ = {isa = PBXBuildFile; fileRef = FC3E5FAF1596FDC3005F3F56 /* GHGitHubUser.m */; };
		FC3E60441596FE5C005F3F56 /* AFHTTPClient.m in Sources */ = {isa = PBXBuildFile; fileRef = FC3E60301596FE5C005F3F56 /* AFHTTPClient.m */; settings = {COMPILER_FLAGS = "-fno-objc-arc"; }; };
		FC3E60451596FE5C005F3F56 /* AFHTTPRequestOperation.m in Sources */ = {isa = PBXBuildFile; fileRef = FC3E60321596FE5C005F3F56 /* AFHTTPRequestOperation.m */; settings = {COMPILER_FLAGS = "-fno-objc-arc"; }; };
		FC3E60461596FE5C005F3F56 /* AFImageRequestOperation.m in Sources */ = {isa = PBXBuildFile; fileRef = FC3E60341596FE5C005F3F56 /* AFImageRequestOperation.m */; settings = {COMPILER_FLAGS = "-fno-objc-arc"; }; };
		FC3E60471596FE5C005F3F56 /* AFJSONRequestOperation.m in Sources */ = {isa = PBXBuildFile; fileRef = FC3E60361596FE5C005F3F56 /* AFJSONRequestOperation.m */; settings = {COMPILER_FLAGS = "-fno-objc-arc"; }; };
		FC3E60481596FE5C005F3F56 /* AFJSONUtilities.m in Sources */ = {isa = PBXBuildFile; fileRef = FC3E60381596FE5C005F3F56 /* AFJSONUtilities.m */; settings = {COMPILER_FLAGS = "-fno-objc-arc"; }; };
		FC3E60491596FE5C005F3F56 /* AFNetworkActivityIndicatorManager.m in Sources */ = {isa = PBXBuildFile; fileRef = FC3E603A1596FE5C005F3F56 /* AFNetworkActivityIndicatorManager.m */; settings = {COMPILER_FLAGS = "-fno-objc-arc"; }; };
		FC3E604A1596FE5C005F3F56 /* AFPropertyListRequestOperation.m in Sources */ = {isa = PBXBuildFile; fileRef = FC3E603D1596FE5C005F3F56 /* AFPropertyListRequestOperation.m */; settings = {COMPILER_FLAGS = "-fno-objc-arc"; }; };
		FC3E604B1596FE5C005F3F56 /* AFURLConnectionOperation.m in Sources */ = {isa = PBXBuildFile; fileRef = FC3E603F1596FE5C005F3F56 /* AFURLConnectionOperation.m */; settings = {COMPILER_FLAGS = "-fno-objc-arc"; }; };
		FC3E604C1596FE5C005F3F56 /* AFXMLRequestOperation.m in Sources */ = {isa = PBXBuildFile; fileRef = FC3E60411596FE5C005F3F56 /* AFXMLRequestOperation.m */; settings = {COMPILER_FLAGS = "-fno-objc-arc"; }; };
		FC3E60601596FECF005F3F56 /* JSGHLoginViewController.m in Sources */ = {isa = PBXBuildFile; fileRef = FC3E605F1596FECF005F3F56 /* JSGHLoginViewController.m */; };
		FC648CD3157AC81D007E2872 /* UIKit.framework in Frameworks */ = {isa = PBXBuildFile; fileRef = FC648CD2157AC81D007E2872 /* UIKit.framework */; };
		FC648CD5157AC81D007E2872 /* Foundation.framework in Frameworks */ = {isa = PBXBuildFile; fileRef = FC648CD4157AC81D007E2872 /* Foundation.framework */; };
		FC648CD7157AC81D007E2872 /* CoreGraphics.framework in Frameworks */ = {isa = PBXBuildFile; fileRef = FC648CD6157AC81D007E2872 /* CoreGraphics.framework */; };
		FC648CDD157AC81D007E2872 /* InfoPlist.strings in Resources */ = {isa = PBXBuildFile; fileRef = FC648CDB157AC81D007E2872 /* InfoPlist.strings */; };
		FC648CDF157AC81D007E2872 /* main.m in Sources */ = {isa = PBXBuildFile; fileRef = FC648CDE157AC81D007E2872 /* main.m */; };
		FC648CE3157AC81D007E2872 /* JSAppDelegate.m in Sources */ = {isa = PBXBuildFile; fileRef = FC648CE2157AC81D007E2872 /* JSAppDelegate.m */; };
		FC648CE5157AC81D007E2872 /* iOS Formlets.entitlements in Resources */ = {isa = PBXBuildFile; fileRef = FC648CE4157AC81D007E2872 /* iOS Formlets.entitlements */; };
		FC648CE8157AC81D007E2872 /* MainStoryboard.storyboard in Resources */ = {isa = PBXBuildFile; fileRef = FC648CE6157AC81D007E2872 /* MainStoryboard.storyboard */; };
		FC648CEB157AC81D007E2872 /* JSViewController.m in Sources */ = {isa = PBXBuildFile; fileRef = FC648CEA157AC81D007E2872 /* JSViewController.m */; };
		FC648CF3157AC81E007E2872 /* SenTestingKit.framework in Frameworks */ = {isa = PBXBuildFile; fileRef = FC648CF2157AC81E007E2872 /* SenTestingKit.framework */; };
		FC648CF4157AC81E007E2872 /* UIKit.framework in Frameworks */ = {isa = PBXBuildFile; fileRef = FC648CD2157AC81D007E2872 /* UIKit.framework */; };
		FC648CF5157AC81E007E2872 /* Foundation.framework in Frameworks */ = {isa = PBXBuildFile; fileRef = FC648CD4157AC81D007E2872 /* Foundation.framework */; };
		FC648CFD157AC81E007E2872 /* InfoPlist.strings in Resources */ = {isa = PBXBuildFile; fileRef = FC648CFB157AC81E007E2872 /* InfoPlist.strings */; };
		FC648D00157AC81E007E2872 /* iOS_FormletsTests.m in Sources */ = {isa = PBXBuildFile; fileRef = FC648CFF157AC81E007E2872 /* iOS_FormletsTests.m */; };
		FC648D2D157AC924007E2872 /* RFFormlet.m in Sources */ = {isa = PBXBuildFile; fileRef = FC648D2A157AC924007E2872 /* RFFormlet.m */; };
		FC8CA6E11587FCF1002B6EEA /* RFReifiedProtocol.m in Sources */ = {isa = PBXBuildFile; fileRef = FC8CA6E01587FCF1002B6EEA /* RFReifiedProtocol.m */; };
		FC9153F615888B7400C657D3 /* RFTableFormViewController.m in Sources */ = {isa = PBXBuildFile; fileRef = FC9153F515888B7400C657D3 /* RFTableFormViewController.m */; };
		FCC7F9601587F4020008558B /* RFOrderedDictionary.m in Sources */ = {isa = PBXBuildFile; fileRef = FCC7F95F1587F4020008558B /* RFOrderedDictionary.m */; };
		FCE11FFB16813C48001CFB13 /* RFSignalSource.m in Sources */ = {isa = PBXBuildFile; fileRef = FCE11FFA16813C47001CFB13 /* RFSignalSource.m */; };
		FCE11FFE1682587C001CFB13 /* RFLens.m in Sources */ = {isa = PBXBuildFile; fileRef = FCE11FFD1682587C001CFB13 /* RFLens.m */; };
		FCE1200A16827732001CFB13 /* RFIdentityValueTransformer.m in Sources */ = {isa = PBXBuildFile; fileRef = FCE1200916827732001CFB13 /* RFIdentityValueTransformer.m */; };
		FCE1200D16827791001CFB13 /* RFNumberStringValueTransformer.m in Sources */ = {isa = PBXBuildFile; fileRef = FCE1200C16827790001CFB13 /* RFNumberStringValueTransformer.m */; };
/* End PBXBuildFile section */

/* Begin PBXContainerItemProxy section */
		FC138699167FF6CF0022A146 /* PBXContainerItemProxy */ = {
			isa = PBXContainerItemProxy;
			containerPortal = FC138688167FF6CE0022A146 /* ReactiveCocoa.xcodeproj */;
			proxyType = 2;
			remoteGlobalIDString = 88037F8315056328001A5B19;
			remoteInfo = ReactiveCocoa;
		};
		FC13869B167FF6CF0022A146 /* PBXContainerItemProxy */ = {
			isa = PBXContainerItemProxy;
			containerPortal = FC138688167FF6CE0022A146 /* ReactiveCocoa.xcodeproj */;
			proxyType = 2;
			remoteGlobalIDString = 88F440AB153DAC820097B4C3;
			remoteInfo = "ReactiveCocoa-iOS";
		};
		FC13869D167FF6CF0022A146 /* PBXContainerItemProxy */ = {
			isa = PBXContainerItemProxy;
			containerPortal = FC138688167FF6CE0022A146 /* ReactiveCocoa.xcodeproj */;
			proxyType = 2;
			remoteGlobalIDString = 88CDF7DC15000FCF00163A9F;
			remoteInfo = ReactiveCocoaTests;
		};
		FC1386A6167FF6D30022A146 /* PBXContainerItemProxy */ = {
			isa = PBXContainerItemProxy;
			containerPortal = FC138688167FF6CE0022A146 /* ReactiveCocoa.xcodeproj */;
			proxyType = 1;
			remoteGlobalIDString = 88F440AA153DAC820097B4C3;
			remoteInfo = "ReactiveCocoa-iOS";
		};
		FC648CF6157AC81E007E2872 /* PBXContainerItemProxy */ = {
			isa = PBXContainerItemProxy;
			containerPortal = FC648CC5157AC81D007E2872 /* Project object */;
			proxyType = 1;
			remoteGlobalIDString = FC648CCD157AC81D007E2872;
			remoteInfo = "iOS Formlets";
		};
/* End PBXContainerItemProxy section */

/* Begin PBXFileReference section */
		FC138688167FF6CE0022A146 /* ReactiveCocoa.xcodeproj */ = {isa = PBXFileReference; lastKnownFileType = "wrapper.pb-project"; name = ReactiveCocoa.xcodeproj; path = lib/ReactiveCocoa/ReactiveCocoaFramework/ReactiveCocoa.xcodeproj; sourceTree = "<group>"; };
		FC2511C81588614700534933 /* RFTableSection.h */ = {isa = PBXFileReference; fileEncoding = 4; lastKnownFileType = sourcecode.c.h; path = RFTableSection.h; sourceTree = "<group>"; };
		FC2511C91588614700534933 /* RFTableSection.m */ = {isa = PBXFileReference; fileEncoding = 4; lastKnownFileType = sourcecode.c.objc; path = RFTableSection.m; sourceTree = "<group>"; };
		FC2511CC158862F700534933 /* RFTableForm.m */ = {isa = PBXFileReference; fileEncoding = 4; lastKnownFileType = sourcecode.c.objc; path = RFTableForm.m; sourceTree = "<group>"; };
		FC2511CE1588649E00534933 /* RFInputRow.h */ = {isa = PBXFileReference; fileEncoding = 4; lastKnownFileType = sourcecode.c.h; path = RFInputRow.h; sourceTree = "<group>"; };
		FC2511CF1588649E00534933 /* RFInputRow.m */ = {isa = PBXFileReference; fileEncoding = 4; lastKnownFileType = sourcecode.c.objc; path = RFInputRow.m; sourceTree = "<group>"; };
		FC2BB4011596F5FD00E89B72 /* RFTableForm.h */ = {isa = PBXFileReference; fileEncoding = 4; lastKnownFileType = sourcecode.c.h; path = RFTableForm.h; sourceTree = "<group>"; };
		FC2EA9FF168CC470008EC3E4 /* NSInvocation+RFExtensions.h */ = {isa = PBXFileReference; fileEncoding = 4; lastKnownFileType = sourcecode.c.h; path = "NSInvocation+RFExtensions.h"; sourceTree = "<group>"; };
		FC2EAA00168CC470008EC3E4 /* NSInvocation+RFExtensions.m */ = {isa = PBXFileReference; fileEncoding = 4; lastKnownFileType = sourcecode.c.objc; path = "NSInvocation+RFExtensions.m"; sourceTree = "<group>"; };
		FC2EAA03168D33C1008EC3E4 /* RFObjCRuntime.h */ = {isa = PBXFileReference; fileEncoding = 4; lastKnownFileType = sourcecode.c.h; path = RFObjCRuntime.h; sourceTree = "<group>"; };
		FC2EAA04168D33C1008EC3E4 /* RFObjCRuntime.m */ = {isa = PBXFileReference; fileEncoding = 4; lastKnownFileType = sourcecode.c.objc; path = RFObjCRuntime.m; sourceTree = "<group>"; };
		FC3E5FA61596FDC3005F3F56 /* GHGitHubClient.h */ = {isa = PBXFileReference; fileEncoding = 4; lastKnownFileType = sourcecode.c.h; name = GHGitHubClient.h; path = lib/ReactiveCocoa/GHAPIDemo/GHAPIDemo/GHGitHubClient.h; sourceTree = "<group>"; };
		FC3E5FA71596FDC3005F3F56 /* GHGitHubClient.m */ = {isa = PBXFileReference; fileEncoding = 4; lastKnownFileType = sourcecode.c.objc; name = GHGitHubClient.m; path = lib/ReactiveCocoa/GHAPIDemo/GHAPIDemo/GHGitHubClient.m; sourceTree = "<group>"; };
		FC3E5FA81596FDC3005F3F56 /* GHGitHubObject.h */ = {isa = PBXFileReference; fileEncoding = 4; lastKnownFileType = sourcecode.c.h; name = GHGitHubObject.h; path = lib/ReactiveCocoa/GHAPIDemo/GHAPIDemo/GHGitHubObject.h; sourceTree = "<group>"; };
		FC3E5FA91596FDC3005F3F56 /* GHGitHubObject.m */ = {isa = PBXFileReference; fileEncoding = 4; lastKnownFileType = sourcecode.c.objc; name = GHGitHubObject.m; path = lib/ReactiveCocoa/GHAPIDemo/GHAPIDemo/GHGitHubObject.m; sourceTree = "<group>"; };
		FC3E5FAA1596FDC3005F3F56 /* GHGitHubOrg.h */ = {isa = PBXFileReference; fileEncoding = 4; lastKnownFileType = sourcecode.c.h; name = GHGitHubOrg.h; path = lib/ReactiveCocoa/GHAPIDemo/GHAPIDemo/GHGitHubOrg.h; sourceTree = "<group>"; };
		FC3E5FAB1596FDC3005F3F56 /* GHGitHubOrg.m */ = {isa = PBXFileReference; fileEncoding = 4; lastKnownFileType = sourcecode.c.objc; name = GHGitHubOrg.m; path = lib/ReactiveCocoa/GHAPIDemo/GHAPIDemo/GHGitHubOrg.m; sourceTree = "<group>"; };
		FC3E5FAC1596FDC3005F3F56 /* GHGitHubTeam.h */ = {isa = PBXFileReference; fileEncoding = 4; lastKnownFileType = sourcecode.c.h; name = GHGitHubTeam.h; path = lib/ReactiveCocoa/GHAPIDemo/GHAPIDemo/GHGitHubTeam.h; sourceTree = "<group>"; };
		FC3E5FAD1596FDC3005F3F56 /* GHGitHubTeam.m */ = {isa = PBXFileReference; fileEncoding = 4; lastKnownFileType = sourcecode.c.objc; name = GHGitHubTeam.m; path = lib/ReactiveCocoa/GHAPIDemo/GHAPIDemo/GHGitHubTeam.m; sourceTree = "<group>"; };
		FC3E5FAE1596FDC3005F3F56 /* GHGitHubUser.h */ = {isa = PBXFileReference; fileEncoding = 4; lastKnownFileType = sourcecode.c.h; name = GHGitHubUser.h; path = lib/ReactiveCocoa/GHAPIDemo/GHAPIDemo/GHGitHubUser.h; sourceTree = "<group>"; };
		FC3E5FAF1596FDC3005F3F56 /* GHGitHubUser.m */ = {isa = PBXFileReference; fileEncoding = 4; lastKnownFileType = sourcecode.c.objc; name = GHGitHubUser.m; path = lib/ReactiveCocoa/GHAPIDemo/GHAPIDemo/GHGitHubUser.m; sourceTree = "<group>"; };
		FC3E602F1596FE5C005F3F56 /* AFHTTPClient.h */ = {isa = PBXFileReference; fileEncoding = 4; lastKnownFileType = sourcecode.c.h; path = AFHTTPClient.h; sourceTree = "<group>"; };
		FC3E60301596FE5C005F3F56 /* AFHTTPClient.m */ = {isa = PBXFileReference; fileEncoding = 4; lastKnownFileType = sourcecode.c.objc; path = AFHTTPClient.m; sourceTree = "<group>"; };
		FC3E60311596FE5C005F3F56 /* AFHTTPRequestOperation.h */ = {isa = PBXFileReference; fileEncoding = 4; lastKnownFileType = sourcecode.c.h; path = AFHTTPRequestOperation.h; sourceTree = "<group>"; };
		FC3E60321596FE5C005F3F56 /* AFHTTPRequestOperation.m */ = {isa = PBXFileReference; fileEncoding = 4; lastKnownFileType = sourcecode.c.objc; path = AFHTTPRequestOperation.m; sourceTree = "<group>"; };
		FC3E60331596FE5C005F3F56 /* AFImageRequestOperation.h */ = {isa = PBXFileReference; fileEncoding = 4; lastKnownFileType = sourcecode.c.h; path = AFImageRequestOperation.h; sourceTree = "<group>"; };
		FC3E60341596FE5C005F3F56 /* AFImageRequestOperation.m */ = {isa = PBXFileReference; fileEncoding = 4; lastKnownFileType = sourcecode.c.objc; path = AFImageRequestOperation.m; sourceTree = "<group>"; };
		FC3E60351596FE5C005F3F56 /* AFJSONRequestOperation.h */ = {isa = PBXFileReference; fileEncoding = 4; lastKnownFileType = sourcecode.c.h; path = AFJSONRequestOperation.h; sourceTree = "<group>"; };
		FC3E60361596FE5C005F3F56 /* AFJSONRequestOperation.m */ = {isa = PBXFileReference; fileEncoding = 4; lastKnownFileType = sourcecode.c.objc; path = AFJSONRequestOperation.m; sourceTree = "<group>"; };
		FC3E60371596FE5C005F3F56 /* AFJSONUtilities.h */ = {isa = PBXFileReference; fileEncoding = 4; lastKnownFileType = sourcecode.c.h; path = AFJSONUtilities.h; sourceTree = "<group>"; };
		FC3E60381596FE5C005F3F56 /* AFJSONUtilities.m */ = {isa = PBXFileReference; fileEncoding = 4; lastKnownFileType = sourcecode.c.objc; path = AFJSONUtilities.m; sourceTree = "<group>"; };
		FC3E60391596FE5C005F3F56 /* AFNetworkActivityIndicatorManager.h */ = {isa = PBXFileReference; fileEncoding = 4; lastKnownFileType = sourcecode.c.h; path = AFNetworkActivityIndicatorManager.h; sourceTree = "<group>"; };
		FC3E603A1596FE5C005F3F56 /* AFNetworkActivityIndicatorManager.m */ = {isa = PBXFileReference; fileEncoding = 4; lastKnownFileType = sourcecode.c.objc; path = AFNetworkActivityIndicatorManager.m; sourceTree = "<group>"; };
		FC3E603B1596FE5C005F3F56 /* AFNetworking.h */ = {isa = PBXFileReference; fileEncoding = 4; lastKnownFileType = sourcecode.c.h; path = AFNetworking.h; sourceTree = "<group>"; };
		FC3E603C1596FE5C005F3F56 /* AFPropertyListRequestOperation.h */ = {isa = PBXFileReference; fileEncoding = 4; lastKnownFileType = sourcecode.c.h; path = AFPropertyListRequestOperation.h; sourceTree = "<group>"; };
		FC3E603D1596FE5C005F3F56 /* AFPropertyListRequestOperation.m */ = {isa = PBXFileReference; fileEncoding = 4; lastKnownFileType = sourcecode.c.objc; path = AFPropertyListRequestOperation.m; sourceTree = "<group>"; };
		FC3E603E1596FE5C005F3F56 /* AFURLConnectionOperation.h */ = {isa = PBXFileReference; fileEncoding = 4; lastKnownFileType = sourcecode.c.h; path = AFURLConnectionOperation.h; sourceTree = "<group>"; };
		FC3E603F1596FE5C005F3F56 /* AFURLConnectionOperation.m */ = {isa = PBXFileReference; fileEncoding = 4; lastKnownFileType = sourcecode.c.objc; path = AFURLConnectionOperation.m; sourceTree = "<group>"; };
		FC3E60401596FE5C005F3F56 /* AFXMLRequestOperation.h */ = {isa = PBXFileReference; fileEncoding = 4; lastKnownFileType = sourcecode.c.h; path = AFXMLRequestOperation.h; sourceTree = "<group>"; };
		FC3E60411596FE5C005F3F56 /* AFXMLRequestOperation.m */ = {isa = PBXFileReference; fileEncoding = 4; lastKnownFileType = sourcecode.c.objc; path = AFXMLRequestOperation.m; sourceTree = "<group>"; };
		FC3E60421596FE5C005F3F56 /* UIImageView+AFNetworking.h */ = {isa = PBXFileReference; fileEncoding = 4; lastKnownFileType = sourcecode.c.h; path = "UIImageView+AFNetworking.h"; sourceTree = "<group>"; };
		FC3E60431596FE5C005F3F56 /* UIImageView+AFNetworking.m */ = {isa = PBXFileReference; fileEncoding = 4; lastKnownFileType = sourcecode.c.objc; path = "UIImageView+AFNetworking.m"; sourceTree = "<group>"; };
		FC3E605E1596FECF005F3F56 /* JSGHLoginViewController.h */ = {isa = PBXFileReference; fileEncoding = 4; lastKnownFileType = sourcecode.c.h; path = JSGHLoginViewController.h; sourceTree = "<group>"; };
		FC3E605F1596FECF005F3F56 /* JSGHLoginViewController.m */ = {isa = PBXFileReference; fileEncoding = 4; lastKnownFileType = sourcecode.c.objc; path = JSGHLoginViewController.m; sourceTree = "<group>"; };
		FC648CCE157AC81D007E2872 /* iOS Formlets.app */ = {isa = PBXFileReference; explicitFileType = wrapper.application; includeInIndex = 0; path = "iOS Formlets.app"; sourceTree = BUILT_PRODUCTS_DIR; };
		FC648CD2157AC81D007E2872 /* UIKit.framework */ = {isa = PBXFileReference; lastKnownFileType = wrapper.framework; name = UIKit.framework; path = System/Library/Frameworks/UIKit.framework; sourceTree = SDKROOT; };
		FC648CD4157AC81D007E2872 /* Foundation.framework */ = {isa = PBXFileReference; lastKnownFileType = wrapper.framework; name = Foundation.framework; path = System/Library/Frameworks/Foundation.framework; sourceTree = SDKROOT; };
		FC648CD6157AC81D007E2872 /* CoreGraphics.framework */ = {isa = PBXFileReference; lastKnownFileType = wrapper.framework; name = CoreGraphics.framework; path = System/Library/Frameworks/CoreGraphics.framework; sourceTree = SDKROOT; };
		FC648CDA157AC81D007E2872 /* iOS Formlets-Info.plist */ = {isa = PBXFileReference; lastKnownFileType = text.plist.xml; path = "iOS Formlets-Info.plist"; sourceTree = "<group>"; };
		FC648CDC157AC81D007E2872 /* en */ = {isa = PBXFileReference; lastKnownFileType = text.plist.strings; name = en; path = en.lproj/InfoPlist.strings; sourceTree = "<group>"; };
		FC648CDE157AC81D007E2872 /* main.m */ = {isa = PBXFileReference; lastKnownFileType = sourcecode.c.objc; path = main.m; sourceTree = "<group>"; };
		FC648CE0157AC81D007E2872 /* iOS Formlets-Prefix.pch */ = {isa = PBXFileReference; lastKnownFileType = sourcecode.c.h; path = "iOS Formlets-Prefix.pch"; sourceTree = "<group>"; };
		FC648CE1157AC81D007E2872 /* JSAppDelegate.h */ = {isa = PBXFileReference; lastKnownFileType = sourcecode.c.h; path = JSAppDelegate.h; sourceTree = "<group>"; };
		FC648CE2157AC81D007E2872 /* JSAppDelegate.m */ = {isa = PBXFileReference; lastKnownFileType = sourcecode.c.objc; path = JSAppDelegate.m; sourceTree = "<group>"; };
		FC648CE4157AC81D007E2872 /* iOS Formlets.entitlements */ = {isa = PBXFileReference; lastKnownFileType = text.xml; path = "iOS Formlets.entitlements"; sourceTree = "<group>"; };
		FC648CE7157AC81D007E2872 /* en */ = {isa = PBXFileReference; lastKnownFileType = file.storyboard; name = en; path = en.lproj/MainStoryboard.storyboard; sourceTree = "<group>"; };
		FC648CE9157AC81D007E2872 /* JSViewController.h */ = {isa = PBXFileReference; lastKnownFileType = sourcecode.c.h; path = JSViewController.h; sourceTree = "<group>"; };
		FC648CEA157AC81D007E2872 /* JSViewController.m */ = {isa = PBXFileReference; lastKnownFileType = sourcecode.c.objc; path = JSViewController.m; sourceTree = "<group>"; };
		FC648CF1157AC81E007E2872 /* iOS FormletsTests.octest */ = {isa = PBXFileReference; explicitFileType = wrapper.cfbundle; includeInIndex = 0; path = "iOS FormletsTests.octest"; sourceTree = BUILT_PRODUCTS_DIR; };
		FC648CF2157AC81E007E2872 /* SenTestingKit.framework */ = {isa = PBXFileReference; lastKnownFileType = wrapper.framework; name = SenTestingKit.framework; path = Library/Frameworks/SenTestingKit.framework; sourceTree = DEVELOPER_DIR; };
		FC648CFA157AC81E007E2872 /* iOS FormletsTests-Info.plist */ = {isa = PBXFileReference; lastKnownFileType = text.plist.xml; path = "iOS FormletsTests-Info.plist"; sourceTree = "<group>"; };
		FC648CFC157AC81E007E2872 /* en */ = {isa = PBXFileReference; lastKnownFileType = text.plist.strings; name = en; path = en.lproj/InfoPlist.strings; sourceTree = "<group>"; };
		FC648CFE157AC81E007E2872 /* iOS_FormletsTests.h */ = {isa = PBXFileReference; lastKnownFileType = sourcecode.c.h; path = iOS_FormletsTests.h; sourceTree = "<group>"; };
		FC648CFF157AC81E007E2872 /* iOS_FormletsTests.m */ = {isa = PBXFileReference; lastKnownFileType = sourcecode.c.objc; path = iOS_FormletsTests.m; sourceTree = "<group>"; };
		FC648D2A157AC924007E2872 /* RFFormlet.m */ = {isa = PBXFileReference; fileEncoding = 4; lastKnownFileType = sourcecode.c.objc; path = RFFormlet.m; sourceTree = "<group>"; usesTabs = 1; };
		FC648D2B157AC924007E2872 /* RFFormlet.h */ = {isa = PBXFileReference; fileEncoding = 4; lastKnownFileType = sourcecode.c.h; path = RFFormlet.h; sourceTree = "<group>"; };
		FC8CA6DF1587FCF1002B6EEA /* RFReifiedProtocol.h */ = {isa = PBXFileReference; fileEncoding = 4; lastKnownFileType = sourcecode.c.h; path = RFReifiedProtocol.h; sourceTree = "<group>"; };
		FC8CA6E01587FCF1002B6EEA /* RFReifiedProtocol.m */ = {isa = PBXFileReference; fileEncoding = 4; lastKnownFileType = sourcecode.c.objc; path = RFReifiedProtocol.m; sourceTree = "<group>"; };
		FC9153F415888B7400C657D3 /* RFTableFormViewController.h */ = {isa = PBXFileReference; fileEncoding = 4; lastKnownFileType = sourcecode.c.h; path = RFTableFormViewController.h; sourceTree = "<group>"; };
		FC9153F515888B7400C657D3 /* RFTableFormViewController.m */ = {isa = PBXFileReference; fileEncoding = 4; lastKnownFileType = sourcecode.c.objc; path = RFTableFormViewController.m; sourceTree = "<group>"; };
		FCC7F95E1587F4020008558B /* RFOrderedDictionary.h */ = {isa = PBXFileReference; fileEncoding = 4; lastKnownFileType = sourcecode.c.h; path = RFOrderedDictionary.h; sourceTree = "<group>"; };
		FCC7F95F1587F4020008558B /* RFOrderedDictionary.m */ = {isa = PBXFileReference; fileEncoding = 4; lastKnownFileType = sourcecode.c.objc; path = RFOrderedDictionary.m; sourceTree = "<group>"; };
		FCE11FF4168120C2001CFB13 /* RFModel.h */ = {isa = PBXFileReference; fileEncoding = 4; lastKnownFileType = sourcecode.c.h; path = RFModel.h; sourceTree = "<group>"; };
		FCE11FF916813C0C001CFB13 /* RFSignalSource.h */ = {isa = PBXFileReference; lastKnownFileType = sourcecode.c.h; path = RFSignalSource.h; sourceTree = "<group>"; };
		FCE11FFA16813C47001CFB13 /* RFSignalSource.m */ = {isa = PBXFileReference; fileEncoding = 4; lastKnownFileType = sourcecode.c.objc; path = RFSignalSource.m; sourceTree = "<group>"; };
		FCE11FFC1682587B001CFB13 /* RFLens.h */ = {isa = PBXFileReference; fileEncoding = 4; lastKnownFileType = sourcecode.c.h; path = RFLens.h; sourceTree = "<group>"; };
		FCE11FFD1682587C001CFB13 /* RFLens.m */ = {isa = PBXFileReference; fileEncoding = 4; lastKnownFileType = sourcecode.c.objc; path = RFLens.m; sourceTree = "<group>"; };
		FCE1200816827732001CFB13 /* RFIdentityValueTransformer.h */ = {isa = PBXFileReference; fileEncoding = 4; lastKnownFileType = sourcecode.c.h; path = RFIdentityValueTransformer.h; sourceTree = "<group>"; };
		FCE1200916827732001CFB13 /* RFIdentityValueTransformer.m */ = {isa = PBXFileReference; fileEncoding = 4; lastKnownFileType = sourcecode.c.objc; path = RFIdentityValueTransformer.m; sourceTree = "<group>"; };
		FCE1200B16827790001CFB13 /* RFNumberStringValueTransformer.h */ = {isa = PBXFileReference; fileEncoding = 4; lastKnownFileType = sourcecode.c.h; path = RFNumberStringValueTransformer.h; sourceTree = "<group>"; };
		FCE1200C16827790001CFB13 /* RFNumberStringValueTransformer.m */ = {isa = PBXFileReference; fileEncoding = 4; lastKnownFileType = sourcecode.c.objc; path = RFNumberStringValueTransformer.m; sourceTree = "<group>"; };
/* End PBXFileReference section */

/* Begin PBXFrameworksBuildPhase section */
		FC648CCB157AC81D007E2872 /* Frameworks */ = {
			isa = PBXFrameworksBuildPhase;
			buildActionMask = 2147483647;
			files = (
				FC1386A8167FF6DD0022A146 /* libReactiveCocoa-iOS.a in Frameworks */,
				FC648CD3157AC81D007E2872 /* UIKit.framework in Frameworks */,
				FC648CD5157AC81D007E2872 /* Foundation.framework in Frameworks */,
				FC648CD7157AC81D007E2872 /* CoreGraphics.framework in Frameworks */,
			);
			runOnlyForDeploymentPostprocessing = 0;
		};
		FC648CED157AC81E007E2872 /* Frameworks */ = {
			isa = PBXFrameworksBuildPhase;
			buildActionMask = 2147483647;
			files = (
				FC648CF3157AC81E007E2872 /* SenTestingKit.framework in Frameworks */,
				FC648CF4157AC81E007E2872 /* UIKit.framework in Frameworks */,
				FC648CF5157AC81E007E2872 /* Foundation.framework in Frameworks */,
			);
			runOnlyForDeploymentPostprocessing = 0;
		};
/* End PBXFrameworksBuildPhase section */

/* Begin PBXGroup section */
		FC138689167FF6CE0022A146 /* Products */ = {
			isa = PBXGroup;
			children = (
				FC13869A167FF6CF0022A146 /* ReactiveCocoa.framework */,
				FC13869C167FF6CF0022A146 /* libReactiveCocoa-iOS.a */,
				FC13869E167FF6CF0022A146 /* ReactiveCocoaTests.octest */,
			);
			name = Products;
			sourceTree = "<group>";
		};
		FC2511C71588612800534933 /* Example Formlets */ = {
			isa = PBXGroup;
			children = (
				FC2BB4011596F5FD00E89B72 /* RFTableForm.h */,
				FC2511CC158862F700534933 /* RFTableForm.m */,
				FC2511C81588614700534933 /* RFTableSection.h */,
				FC2511C91588614700534933 /* RFTableSection.m */,
				FC2511CE1588649E00534933 /* RFInputRow.h */,
				FC2511CF1588649E00534933 /* RFInputRow.m */,
				FC9153F415888B7400C657D3 /* RFTableFormViewController.h */,
				FC9153F515888B7400C657D3 /* RFTableFormViewController.m */,
			);
			name = "Example Formlets";
			sourceTree = "<group>";
		};
		FC2EAA02168CC88B008EC3E4 /* Extensions */ = {
			isa = PBXGroup;
			children = (
				FC2EAA03168D33C1008EC3E4 /* RFObjCRuntime.h */,
				FC2EAA04168D33C1008EC3E4 /* RFObjCRuntime.m */,
				FC2EA9FF168CC470008EC3E4 /* NSInvocation+RFExtensions.h */,
				FC2EAA00168CC470008EC3E4 /* NSInvocation+RFExtensions.m */,
			);
			name = Extensions;
			sourceTree = "<group>";
		};
		FC3E5F961596FDA3005F3F56 /* GitHub API */ = {
			isa = PBXGroup;
			children = (
				FC3E5FA61596FDC3005F3F56 /* GHGitHubClient.h */,
				FC3E5FA71596FDC3005F3F56 /* GHGitHubClient.m */,
				FC3E5FA81596FDC3005F3F56 /* GHGitHubObject.h */,
				FC3E5FA91596FDC3005F3F56 /* GHGitHubObject.m */,
				FC3E5FAA1596FDC3005F3F56 /* GHGitHubOrg.h */,
				FC3E5FAB1596FDC3005F3F56 /* GHGitHubOrg.m */,
				FC3E5FAC1596FDC3005F3F56 /* GHGitHubTeam.h */,
				FC3E5FAD1596FDC3005F3F56 /* GHGitHubTeam.m */,
				FC3E5FAE1596FDC3005F3F56 /* GHGitHubUser.h */,
				FC3E5FAF1596FDC3005F3F56 /* GHGitHubUser.m */,
			);
			name = "GitHub API";
			sourceTree = "<group>";
		};
		FC3E602E1596FE5C005F3F56 /* AFNetworking */ = {
			isa = PBXGroup;
			children = (
				FC3E602F1596FE5C005F3F56 /* AFHTTPClient.h */,
				FC3E60301596FE5C005F3F56 /* AFHTTPClient.m */,
				FC3E60311596FE5C005F3F56 /* AFHTTPRequestOperation.h */,
				FC3E60321596FE5C005F3F56 /* AFHTTPRequestOperation.m */,
				FC3E60331596FE5C005F3F56 /* AFImageRequestOperation.h */,
				FC3E60341596FE5C005F3F56 /* AFImageRequestOperation.m */,
				FC3E60351596FE5C005F3F56 /* AFJSONRequestOperation.h */,
				FC3E60361596FE5C005F3F56 /* AFJSONRequestOperation.m */,
				FC3E60371596FE5C005F3F56 /* AFJSONUtilities.h */,
				FC3E60381596FE5C005F3F56 /* AFJSONUtilities.m */,
				FC3E60391596FE5C005F3F56 /* AFNetworkActivityIndicatorManager.h */,
				FC3E603A1596FE5C005F3F56 /* AFNetworkActivityIndicatorManager.m */,
				FC3E603B1596FE5C005F3F56 /* AFNetworking.h */,
				FC3E603C1596FE5C005F3F56 /* AFPropertyListRequestOperation.h */,
				FC3E603D1596FE5C005F3F56 /* AFPropertyListRequestOperation.m */,
				FC3E603E1596FE5C005F3F56 /* AFURLConnectionOperation.h */,
				FC3E603F1596FE5C005F3F56 /* AFURLConnectionOperation.m */,
				FC3E60401596FE5C005F3F56 /* AFXMLRequestOperation.h */,
				FC3E60411596FE5C005F3F56 /* AFXMLRequestOperation.m */,
				FC3E60421596FE5C005F3F56 /* UIImageView+AFNetworking.h */,
				FC3E60431596FE5C005F3F56 /* UIImageView+AFNetworking.m */,
			);
			name = AFNetworking;
			path = lib/ReactiveCocoa/GHAPIDemo/external/AFNetworking/AFNetworking;
			sourceTree = "<group>";
		};
		FC648CC3157AC81D007E2872 = {
			isa = PBXGroup;
			children = (
				FC3E602E1596FE5C005F3F56 /* AFNetworking */,
				FC3E5F961596FDA3005F3F56 /* GitHub API */,
				FC648CD8157AC81D007E2872 /* iOS Formlets */,
				FC648CF8157AC81E007E2872 /* iOS FormletsTests */,
				FC648CD1157AC81D007E2872 /* Frameworks */,
				FC648CCF157AC81D007E2872 /* Products */,
			);
			sourceTree = "<group>";
			usesTabs = 1;
		};
		FC648CCF157AC81D007E2872 /* Products */ = {
			isa = PBXGroup;
			children = (
				FC648CCE157AC81D007E2872 /* iOS Formlets.app */,
				FC648CF1157AC81E007E2872 /* iOS FormletsTests.octest */,
			);
			name = Products;
			sourceTree = "<group>";
		};
		FC648CD1157AC81D007E2872 /* Frameworks */ = {
			isa = PBXGroup;
			children = (
				FC138688167FF6CE0022A146 /* ReactiveCocoa.xcodeproj */,
				FC648CD2157AC81D007E2872 /* UIKit.framework */,
				FC648CD4157AC81D007E2872 /* Foundation.framework */,
				FC648CD6157AC81D007E2872 /* CoreGraphics.framework */,
				FC648CF2157AC81E007E2872 /* SenTestingKit.framework */,
			);
			name = Frameworks;
			sourceTree = "<group>";
		};
		FC648CD8157AC81D007E2872 /* iOS Formlets */ = {
			isa = PBXGroup;
			children = (
				FC3E605E1596FECF005F3F56 /* JSGHLoginViewController.h */,
				FC3E605F1596FECF005F3F56 /* JSGHLoginViewController.m */,
				FC648CE9157AC81D007E2872 /* JSViewController.h */,
				FC648CEA157AC81D007E2872 /* JSViewController.m */,
				FC2511C71588612800534933 /* Example Formlets */,
				FC648D27157AC914007E2872 /* Core */,
				FC648CE1157AC81D007E2872 /* JSAppDelegate.h */,
				FC648CE2157AC81D007E2872 /* JSAppDelegate.m */,
				FC648CE6157AC81D007E2872 /* MainStoryboard.storyboard */,
				FC648CD9157AC81D007E2872 /* Supporting Files */,
			);
			path = "iOS Formlets";
			sourceTree = "<group>";
		};
		FC648CD9157AC81D007E2872 /* Supporting Files */ = {
			isa = PBXGroup;
			children = (
				FC648CDA157AC81D007E2872 /* iOS Formlets-Info.plist */,
				FC648CDB157AC81D007E2872 /* InfoPlist.strings */,
				FC648CDE157AC81D007E2872 /* main.m */,
				FC648CE0157AC81D007E2872 /* iOS Formlets-Prefix.pch */,
				FC648CE4157AC81D007E2872 /* iOS Formlets.entitlements */,
			);
			name = "Supporting Files";
			sourceTree = "<group>";
		};
		FC648CF8157AC81E007E2872 /* iOS FormletsTests */ = {
			isa = PBXGroup;
			children = (
				FC648CFE157AC81E007E2872 /* iOS_FormletsTests.h */,
				FC648CFF157AC81E007E2872 /* iOS_FormletsTests.m */,
				FC648CF9157AC81E007E2872 /* Supporting Files */,
			);
			path = "iOS FormletsTests";
			sourceTree = "<group>";
		};
		FC648CF9157AC81E007E2872 /* Supporting Files */ = {
			isa = PBXGroup;
			children = (
				FC648CFA157AC81E007E2872 /* iOS FormletsTests-Info.plist */,
				FC648CFB157AC81E007E2872 /* InfoPlist.strings */,
			);
			name = "Supporting Files";
			sourceTree = "<group>";
		};
		FC648D27157AC914007E2872 /* Core */ = {
			isa = PBXGroup;
			children = (
				FC648D2B157AC924007E2872 /* RFFormlet.h */,
				FC648D2A157AC924007E2872 /* RFFormlet.m */,
				FCE11FFC1682587B001CFB13 /* RFLens.h */,
				FCE11FFD1682587C001CFB13 /* RFLens.m */,
				FCE11FF4168120C2001CFB13 /* RFModel.h */,
				FCC7F95E1587F4020008558B /* RFOrderedDictionary.h */,
				FCC7F95F1587F4020008558B /* RFOrderedDictionary.m */,
				FC8CA6DF1587FCF1002B6EEA /* RFReifiedProtocol.h */,
				FC8CA6E01587FCF1002B6EEA /* RFReifiedProtocol.m */,
				FCE11FF916813C0C001CFB13 /* RFSignalSource.h */,
				FCE11FFA16813C47001CFB13 /* RFSignalSource.m */,
				FC2EAA02168CC88B008EC3E4 /* Extensions */,
				FCE1200716827723001CFB13 /* Value Transformers */,
			);
			name = Core;
			sourceTree = "<group>";
		};
		FCE1200716827723001CFB13 /* Value Transformers */ = {
			isa = PBXGroup;
			children = (
				FCE1200816827732001CFB13 /* RFIdentityValueTransformer.h */,
				FCE1200916827732001CFB13 /* RFIdentityValueTransformer.m */,
				FCE1200B16827790001CFB13 /* RFNumberStringValueTransformer.h */,
				FCE1200C16827790001CFB13 /* RFNumberStringValueTransformer.m */,
			);
			name = "Value Transformers";
			sourceTree = "<group>";
		};
/* End PBXGroup section */

/* Begin PBXNativeTarget section */
		FC648CCD157AC81D007E2872 /* iOS Formlets */ = {
			isa = PBXNativeTarget;
			buildConfigurationList = FC648D03157AC81E007E2872 /* Build configuration list for PBXNativeTarget "iOS Formlets" */;
			buildPhases = (
				FC648CCA157AC81D007E2872 /* Sources */,
				FC648CCB157AC81D007E2872 /* Frameworks */,
				FC648CCC157AC81D007E2872 /* Resources */,
			);
			buildRules = (
			);
			dependencies = (
				FC1386A7167FF6D30022A146 /* PBXTargetDependency */,
			);
			name = "iOS Formlets";
			productName = "iOS Formlets";
			productReference = FC648CCE157AC81D007E2872 /* iOS Formlets.app */;
			productType = "com.apple.product-type.application";
		};
		FC648CF0157AC81E007E2872 /* iOS FormletsTests */ = {
			isa = PBXNativeTarget;
			buildConfigurationList = FC648D06157AC81E007E2872 /* Build configuration list for PBXNativeTarget "iOS FormletsTests" */;
			buildPhases = (
				FC648CEC157AC81E007E2872 /* Sources */,
				FC648CED157AC81E007E2872 /* Frameworks */,
				FC648CEE157AC81E007E2872 /* Resources */,
				FC648CEF157AC81E007E2872 /* ShellScript */,
			);
			buildRules = (
			);
			dependencies = (
				FC648CF7157AC81E007E2872 /* PBXTargetDependency */,
			);
			name = "iOS FormletsTests";
			productName = "iOS FormletsTests";
			productReference = FC648CF1157AC81E007E2872 /* iOS FormletsTests.octest */;
			productType = "com.apple.product-type.bundle";
		};
/* End PBXNativeTarget section */

/* Begin PBXProject section */
		FC648CC5157AC81D007E2872 /* Project object */ = {
			isa = PBXProject;
			attributes = {
				CLASSPREFIX = JS;
				LastUpgradeCheck = 0440;
				ORGANIZATIONNAME = "Jon Sterling";
			};
			buildConfigurationList = FC648CC8157AC81D007E2872 /* Build configuration list for PBXProject "iOS Formlets" */;
			compatibilityVersion = "Xcode 3.2";
			developmentRegion = English;
			hasScannedForEncodings = 0;
			knownRegions = (
				en,
			);
			mainGroup = FC648CC3157AC81D007E2872;
			productRefGroup = FC648CCF157AC81D007E2872 /* Products */;
			projectDirPath = "";
			projectReferences = (
				{
					ProductGroup = FC138689167FF6CE0022A146 /* Products */;
					ProjectRef = FC138688167FF6CE0022A146 /* ReactiveCocoa.xcodeproj */;
				},
			);
			projectRoot = "";
			targets = (
				FC648CCD157AC81D007E2872 /* iOS Formlets */,
				FC648CF0157AC81E007E2872 /* iOS FormletsTests */,
			);
		};
/* End PBXProject section */

/* Begin PBXReferenceProxy section */
		FC13869A167FF6CF0022A146 /* ReactiveCocoa.framework */ = {
			isa = PBXReferenceProxy;
			fileType = wrapper.framework;
			path = ReactiveCocoa.framework;
			remoteRef = FC138699167FF6CF0022A146 /* PBXContainerItemProxy */;
			sourceTree = BUILT_PRODUCTS_DIR;
		};
		FC13869C167FF6CF0022A146 /* libReactiveCocoa-iOS.a */ = {
			isa = PBXReferenceProxy;
			fileType = archive.ar;
			path = "libReactiveCocoa-iOS.a";
			remoteRef = FC13869B167FF6CF0022A146 /* PBXContainerItemProxy */;
			sourceTree = BUILT_PRODUCTS_DIR;
		};
		FC13869E167FF6CF0022A146 /* ReactiveCocoaTests.octest */ = {
			isa = PBXReferenceProxy;
			fileType = wrapper.cfbundle;
			path = ReactiveCocoaTests.octest;
			remoteRef = FC13869D167FF6CF0022A146 /* PBXContainerItemProxy */;
			sourceTree = BUILT_PRODUCTS_DIR;
		};
/* End PBXReferenceProxy section */

/* Begin PBXResourcesBuildPhase section */
		FC648CCC157AC81D007E2872 /* Resources */ = {
			isa = PBXResourcesBuildPhase;
			buildActionMask = 2147483647;
			files = (
				FC648CDD157AC81D007E2872 /* InfoPlist.strings in Resources */,
				FC648CE5157AC81D007E2872 /* iOS Formlets.entitlements in Resources */,
				FC648CE8157AC81D007E2872 /* MainStoryboard.storyboard in Resources */,
			);
			runOnlyForDeploymentPostprocessing = 0;
		};
		FC648CEE157AC81E007E2872 /* Resources */ = {
			isa = PBXResourcesBuildPhase;
			buildActionMask = 2147483647;
			files = (
				FC648CFD157AC81E007E2872 /* InfoPlist.strings in Resources */,
			);
			runOnlyForDeploymentPostprocessing = 0;
		};
/* End PBXResourcesBuildPhase section */

/* Begin PBXShellScriptBuildPhase section */
		FC648CEF157AC81E007E2872 /* ShellScript */ = {
			isa = PBXShellScriptBuildPhase;
			buildActionMask = 2147483647;
			files = (
			);
			inputPaths = (
			);
			outputPaths = (
			);
			runOnlyForDeploymentPostprocessing = 0;
			shellPath = /bin/sh;
			shellScript = "# Run the unit tests in this test bundle.\n\"${SYSTEM_DEVELOPER_DIR}/Tools/RunUnitTests\"\n";
		};
/* End PBXShellScriptBuildPhase section */

/* Begin PBXSourcesBuildPhase section */
		FC648CCA157AC81D007E2872 /* Sources */ = {
			isa = PBXSourcesBuildPhase;
			buildActionMask = 2147483647;
			files = (
				FC648CDF157AC81D007E2872 /* main.m in Sources */,
				FC648CE3157AC81D007E2872 /* JSAppDelegate.m in Sources */,
				FC648CEB157AC81D007E2872 /* JSViewController.m in Sources */,
				FC648D2D157AC924007E2872 /* RFFormlet.m in Sources */,
				FCC7F9601587F4020008558B /* RFOrderedDictionary.m in Sources */,
				FC8CA6E11587FCF1002B6EEA /* RFReifiedProtocol.m in Sources */,
				FC2511CA1588614700534933 /* RFTableSection.m in Sources */,
				FC2511CD158862F700534933 /* RFTableForm.m in Sources */,
				FC2511D01588649E00534933 /* RFInputRow.m in Sources */,
				FC9153F615888B7400C657D3 /* RFTableFormViewController.m in Sources */,
				FC3E5FB01596FDC3005F3F56 /* GHGitHubClient.m in Sources */,
				FC3E5FB11596FDC3005F3F56 /* GHGitHubObject.m in Sources */,
				FC3E5FB21596FDC3005F3F56 /* GHGitHubOrg.m in Sources */,
				FC3E5FB31596FDC3005F3F56 /* GHGitHubTeam.m in Sources */,
				FC3E5FB41596FDC3005F3F56 /* GHGitHubUser.m in Sources */,
				FC3E60441596FE5C005F3F56 /* AFHTTPClient.m in Sources */,
				FC3E60451596FE5C005F3F56 /* AFHTTPRequestOperation.m in Sources */,
				FC3E60461596FE5C005F3F56 /* AFImageRequestOperation.m in Sources */,
				FC3E60471596FE5C005F3F56 /* AFJSONRequestOperation.m in Sources */,
				FC3E60481596FE5C005F3F56 /* AFJSONUtilities.m in Sources */,
				FC3E60491596FE5C005F3F56 /* AFNetworkActivityIndicatorManager.m in Sources */,
				FC3E604A1596FE5C005F3F56 /* AFPropertyListRequestOperation.m in Sources */,
				FC3E604B1596FE5C005F3F56 /* AFURLConnectionOperation.m in Sources */,
				FC3E604C1596FE5C005F3F56 /* AFXMLRequestOperation.m in Sources */,
				FC3E60601596FECF005F3F56 /* JSGHLoginViewController.m in Sources */,
				FCE11FFB16813C48001CFB13 /* RFSignalSource.m in Sources */,
				FCE11FFE1682587C001CFB13 /* RFLens.m in Sources */,
				FCE1200A16827732001CFB13 /* RFIdentityValueTransformer.m in Sources */,
				FCE1200D16827791001CFB13 /* RFNumberStringValueTransformer.m in Sources */,
				FC2EAA01168CC470008EC3E4 /* NSInvocation+RFExtensions.m in Sources */,
				FC2EAA05168D33C1008EC3E4 /* RFObjCRuntime.m in Sources */,
			);
			runOnlyForDeploymentPostprocessing = 0;
		};
		FC648CEC157AC81E007E2872 /* Sources */ = {
			isa = PBXSourcesBuildPhase;
			buildActionMask = 2147483647;
			files = (
				FC648D00157AC81E007E2872 /* iOS_FormletsTests.m in Sources */,
			);
			runOnlyForDeploymentPostprocessing = 0;
		};
/* End PBXSourcesBuildPhase section */

/* Begin PBXTargetDependency section */
		FC1386A7167FF6D30022A146 /* PBXTargetDependency */ = {
			isa = PBXTargetDependency;
			name = "ReactiveCocoa-iOS";
			targetProxy = FC1386A6167FF6D30022A146 /* PBXContainerItemProxy */;
		};
		FC648CF7157AC81E007E2872 /* PBXTargetDependency */ = {
			isa = PBXTargetDependency;
			target = FC648CCD157AC81D007E2872 /* iOS Formlets */;
			targetProxy = FC648CF6157AC81E007E2872 /* PBXContainerItemProxy */;
		};
/* End PBXTargetDependency section */

/* Begin PBXVariantGroup section */
		FC648CDB157AC81D007E2872 /* InfoPlist.strings */ = {
			isa = PBXVariantGroup;
			children = (
				FC648CDC157AC81D007E2872 /* en */,
			);
			name = InfoPlist.strings;
			sourceTree = "<group>";
		};
		FC648CE6157AC81D007E2872 /* MainStoryboard.storyboard */ = {
			isa = PBXVariantGroup;
			children = (
				FC648CE7157AC81D007E2872 /* en */,
			);
			name = MainStoryboard.storyboard;
			sourceTree = "<group>";
		};
		FC648CFB157AC81E007E2872 /* InfoPlist.strings */ = {
			isa = PBXVariantGroup;
			children = (
				FC648CFC157AC81E007E2872 /* en */,
			);
			name = InfoPlist.strings;
			sourceTree = "<group>";
		};
/* End PBXVariantGroup section */

/* Begin XCBuildConfiguration section */
		FC648D01157AC81E007E2872 /* Debug */ = {
			isa = XCBuildConfiguration;
			buildSettings = {
				ALWAYS_SEARCH_USER_PATHS = NO;
				ARCHS = "$(ARCHS_STANDARD_32_BIT)";
				CLANG_ENABLE_OBJC_ARC = YES;
				CLANG_WARN__DUPLICATE_METHOD_MATCH = YES;
				"CODE_SIGN_IDENTITY[sdk=iphoneos*]" = "iPhone Developer";
				COPY_PHASE_STRIP = NO;
				GCC_C_LANGUAGE_STANDARD = gnu99;
				GCC_DYNAMIC_NO_PIC = NO;
				GCC_OPTIMIZATION_LEVEL = 0;
				GCC_PREPROCESSOR_DEFINITIONS = (
					"DEBUG=1",
					"$(inherited)",
				);
				GCC_SYMBOLS_PRIVATE_EXTERN = NO;
				GCC_VERSION = com.apple.compilers.llvm.clang.1_0;
				GCC_WARN_ABOUT_RETURN_TYPE = YES;
				GCC_WARN_UNINITIALIZED_AUTOS = YES;
				GCC_WARN_UNUSED_VARIABLE = YES;
				IPHONEOS_DEPLOYMENT_TARGET = 5.1;
				SDKROOT = iphoneos;
			};
			name = Debug;
		};
		FC648D02157AC81E007E2872 /* Release */ = {
			isa = XCBuildConfiguration;
			buildSettings = {
				ALWAYS_SEARCH_USER_PATHS = NO;
				ARCHS = "$(ARCHS_STANDARD_32_BIT)";
				CLANG_ENABLE_OBJC_ARC = YES;
				CLANG_WARN__DUPLICATE_METHOD_MATCH = YES;
				"CODE_SIGN_IDENTITY[sdk=iphoneos*]" = "iPhone Developer";
				COPY_PHASE_STRIP = YES;
				GCC_C_LANGUAGE_STANDARD = gnu99;
				GCC_VERSION = com.apple.compilers.llvm.clang.1_0;
				GCC_WARN_ABOUT_RETURN_TYPE = YES;
				GCC_WARN_UNINITIALIZED_AUTOS = YES;
				GCC_WARN_UNUSED_VARIABLE = YES;
				IPHONEOS_DEPLOYMENT_TARGET = 5.1;
				OTHER_CFLAGS = "-DNS_BLOCK_ASSERTIONS=1";
				SDKROOT = iphoneos;
				VALIDATE_PRODUCT = YES;
			};
			name = Release;
		};
		FC648D04157AC81E007E2872 /* Debug */ = {
			isa = XCBuildConfiguration;
			buildSettings = {
				CLANG_CXX_LANGUAGE_STANDARD = "c++0x";
				CLANG_CXX_LIBRARY = "libc++";
				CODE_SIGN_ENTITLEMENTS = "iOS Formlets/iOS Formlets.entitlements";
				FRAMEWORK_SEARCH_PATHS = "$(PROJECT_DIR)/lib/ReactiveCocoa/ReactiveCocoaFramework";
				GCC_PRECOMPILE_PREFIX_HEADER = YES;
				GCC_PREFIX_HEADER = "iOS Formlets/iOS Formlets-Prefix.pch";
				HEADER_SEARCH_PATHS = (
					"$(PROJECT_DIR)/lib/ReactiveCocoa/ReactiveCocoaFramework/",
					"$(PROJECT_DIR)/lib/ReactiveCocoa/ReactiveCocoaFramework/ReactiveCocoa/libextobjc/extobjc/",
				);
				INFOPLIST_FILE = "iOS Formlets/iOS Formlets-Info.plist";
				OTHER_LDFLAGS = "-ObjC";
				PRODUCT_NAME = "$(TARGET_NAME)";
				WRAPPER_EXTENSION = app;
			};
			name = Debug;
		};
		FC648D05157AC81E007E2872 /* Release */ = {
			isa = XCBuildConfiguration;
			buildSettings = {
				CLANG_CXX_LANGUAGE_STANDARD = "c++0x";
				CLANG_CXX_LIBRARY = "libc++";
				CODE_SIGN_ENTITLEMENTS = "iOS Formlets/iOS Formlets.entitlements";
				FRAMEWORK_SEARCH_PATHS = "$(PROJECT_DIR)/lib/ReactiveCocoa/ReactiveCocoaFramework";
				GCC_PRECOMPILE_PREFIX_HEADER = YES;
				GCC_PREFIX_HEADER = "iOS Formlets/iOS Formlets-Prefix.pch";
				HEADER_SEARCH_PATHS = (
					"$(PROJECT_DIR)/lib/ReactiveCocoa/ReactiveCocoaFramework/",
					"$(PROJECT_DIR)/lib/ReactiveCocoa/ReactiveCocoaFramework/ReactiveCocoa/libextobjc/extobjc/",
				);
				INFOPLIST_FILE = "iOS Formlets/iOS Formlets-Info.plist";
				OTHER_LDFLAGS = "-ObjC";
				PRODUCT_NAME = "$(TARGET_NAME)";
				WRAPPER_EXTENSION = app;
			};
			name = Release;
		};
		FC648D07157AC81E007E2872 /* Debug */ = {
			isa = XCBuildConfiguration;
			buildSettings = {
				BUNDLE_LOADER = "$(BUILT_PRODUCTS_DIR)/iOS Formlets.app/iOS Formlets";
				FRAMEWORK_SEARCH_PATHS = (
					"\"$(SDKROOT)/Developer/Library/Frameworks\"",
					"\"$(DEVELOPER_LIBRARY_DIR)/Frameworks\"",
				);
				GCC_PRECOMPILE_PREFIX_HEADER = YES;
				GCC_PREFIX_HEADER = "iOS Formlets/iOS Formlets-Prefix.pch";
				INFOPLIST_FILE = "iOS FormletsTests/iOS FormletsTests-Info.plist";
				PRODUCT_NAME = "$(TARGET_NAME)";
				TEST_HOST = "$(BUNDLE_LOADER)";
				WRAPPER_EXTENSION = octest;
			};
			name = Debug;
		};
		FC648D08157AC81E007E2872 /* Release */ = {
			isa = XCBuildConfiguration;
			buildSettings = {
				BUNDLE_LOADER = "$(BUILT_PRODUCTS_DIR)/iOS Formlets.app/iOS Formlets";
				FRAMEWORK_SEARCH_PATHS = (
					"\"$(SDKROOT)/Developer/Library/Frameworks\"",
					"\"$(DEVELOPER_LIBRARY_DIR)/Frameworks\"",
				);
				GCC_PRECOMPILE_PREFIX_HEADER = YES;
				GCC_PREFIX_HEADER = "iOS Formlets/iOS Formlets-Prefix.pch";
				INFOPLIST_FILE = "iOS FormletsTests/iOS FormletsTests-Info.plist";
				PRODUCT_NAME = "$(TARGET_NAME)";
				TEST_HOST = "$(BUNDLE_LOADER)";
				WRAPPER_EXTENSION = octest;
			};
			name = Release;
		};
/* End XCBuildConfiguration section */

/* Begin XCConfigurationList section */
		FC648CC8157AC81D007E2872 /* Build configuration list for PBXProject "iOS Formlets" */ = {
			isa = XCConfigurationList;
			buildConfigurations = (
				FC648D01157AC81E007E2872 /* Debug */,
				FC648D02157AC81E007E2872 /* Release */,
			);
			defaultConfigurationIsVisible = 0;
			defaultConfigurationName = Release;
		};
		FC648D03157AC81E007E2872 /* Build configuration list for PBXNativeTarget "iOS Formlets" */ = {
			isa = XCConfigurationList;
			buildConfigurations = (
				FC648D04157AC81E007E2872 /* Debug */,
				FC648D05157AC81E007E2872 /* Release */,
			);
			defaultConfigurationIsVisible = 0;
			defaultConfigurationName = Release;
		};
		FC648D06157AC81E007E2872 /* Build configuration list for PBXNativeTarget "iOS FormletsTests" */ = {
			isa = XCConfigurationList;
			buildConfigurations = (
				FC648D07157AC81E007E2872 /* Debug */,
				FC648D08157AC81E007E2872 /* Release */,
			);
			defaultConfigurationIsVisible = 0;
			defaultConfigurationName = Release;
		};
/* End XCConfigurationList section */
	};
	rootObject = FC648CC5157AC81D007E2872 /* Project object */;
}
